// !$*UTF8*$!
{
	archiveVersion = 1;
	classes = {
	};
	objectVersion = 56;
	objects = {

/* Begin PBXBuildFile section */
		6A2B5896299255B000752F1C /* main.swift in Sources */ = {isa = PBXBuildFile; fileRef = 6A2B5895299255B000752F1C /* main.swift */; };
		6A2B58A129925C2A00752F1C /* main.swift in Sources */ = {isa = PBXBuildFile; fileRef = 6A2B58A029925C2A00752F1C /* main.swift */; };
		6A2B58AC29926C7E00752F1C /* main.swift in Sources */ = {isa = PBXBuildFile; fileRef = 6A2B58AB29926C7E00752F1C /* main.swift */; };
		6A2B58B729928A5500752F1C /* main.swift in Sources */ = {isa = PBXBuildFile; fileRef = 6A2B58B629928A5500752F1C /* main.swift */; };
		6A513B91298AA83400CD22D6 /* main.swift in Sources */ = {isa = PBXBuildFile; fileRef = 6A513B90298AA83400CD22D6 /* main.swift */; };
		6A7350702985580D001F0255 /* main.swift in Sources */ = {isa = PBXBuildFile; fileRef = 6A73506F2985580D001F0255 /* main.swift */; };
		6A73507D29855836001F0255 /* main.swift in Sources */ = {isa = PBXBuildFile; fileRef = 6A73507C29855836001F0255 /* main.swift */; };
		6A735088298561C0001F0255 /* main.swift in Sources */ = {isa = PBXBuildFile; fileRef = 6A735087298561C0001F0255 /* main.swift */; };
		6A73509329856C10001F0255 /* main.swift in Sources */ = {isa = PBXBuildFile; fileRef = 6A73509229856C10001F0255 /* main.swift */; };
		6A7C4BA2298CC30600B5F6BA /* main.swift in Sources */ = {isa = PBXBuildFile; fileRef = 6A7C4BA1298CC30600B5F6BA /* main.swift */; };
		6A7C4BAD298CDD2F00B5F6BA /* main.swift in Sources */ = {isa = PBXBuildFile; fileRef = 6A7C4BAC298CDD2F00B5F6BA /* main.swift */; };
		6A9A04BE298B5FD900430218 /* main.swift in Sources */ = {isa = PBXBuildFile; fileRef = 6A9A04BD298B5FD900430218 /* main.swift */; };
		6A9A04C9298B708700430218 /* main.swift in Sources */ = {isa = PBXBuildFile; fileRef = 6A9A04C8298B708700430218 /* main.swift */; };
		6A9A04E7298B8E7A00430218 /* main.swift in Sources */ = {isa = PBXBuildFile; fileRef = 6A9A04E6298B8E7A00430218 /* main.swift */; };
		6A9A04F2298BFC8000430218 /* main.swift in Sources */ = {isa = PBXBuildFile; fileRef = 6A9A04F1298BFC8000430218 /* main.swift */; };
		6A9A04FD298C089800430218 /* main.swift in Sources */ = {isa = PBXBuildFile; fileRef = 6A9A04FC298C089800430218 /* main.swift */; };
		6AB2DD19298D15DA00C7831C /* main.swift in Sources */ = {isa = PBXBuildFile; fileRef = 6AB2DD18298D15DA00C7831C /* main.swift */; };
		6AB2DD24298D337500C7831C /* main.swift in Sources */ = {isa = PBXBuildFile; fileRef = 6AB2DD23298D337500C7831C /* main.swift */; };
		6AB2DD2F298D38A400C7831C /* main.swift in Sources */ = {isa = PBXBuildFile; fileRef = 6AB2DD2E298D38A400C7831C /* main.swift */; };
		6AB2DD3A298D452400C7831C /* main.swift in Sources */ = {isa = PBXBuildFile; fileRef = 6AB2DD39298D452400C7831C /* main.swift */; };
		6AB2DD45298D4C2600C7831C /* main.swift in Sources */ = {isa = PBXBuildFile; fileRef = 6AB2DD44298D4C2600C7831C /* main.swift */; };
		6AB2DD7A298D4FDD00C7831C /* main.swift in Sources */ = {isa = PBXBuildFile; fileRef = 6AB2DD79298D4FDD00C7831C /* main.swift */; };
		6AB8175729978170009C0AE8 /* main.swift in Sources */ = {isa = PBXBuildFile; fileRef = 6AB8175629978170009C0AE8 /* main.swift */; };
		6AB8176229979A4D009C0AE8 /* main.swift in Sources */ = {isa = PBXBuildFile; fileRef = 6AB8176129979A4D009C0AE8 /* main.swift */; };
		6AB8176D2997A201009C0AE8 /* main.swift in Sources */ = {isa = PBXBuildFile; fileRef = 6AB8176C2997A201009C0AE8 /* main.swift */; };
/* End PBXBuildFile section */

/* Begin PBXCopyFilesBuildPhase section */
		6A2B5891299255AF00752F1C /* CopyFiles */ = {
			isa = PBXCopyFilesBuildPhase;
			buildActionMask = 2147483647;
			dstPath = /usr/share/man/man1/;
			dstSubfolderSpec = 0;
			files = (
			);
			runOnlyForDeploymentPostprocessing = 1;
		};
		6A2B589C29925C2A00752F1C /* CopyFiles */ = {
			isa = PBXCopyFilesBuildPhase;
			buildActionMask = 2147483647;
			dstPath = /usr/share/man/man1/;
			dstSubfolderSpec = 0;
			files = (
			);
			runOnlyForDeploymentPostprocessing = 1;
		};
		6A2B58A729926C7E00752F1C /* CopyFiles */ = {
			isa = PBXCopyFilesBuildPhase;
			buildActionMask = 2147483647;
			dstPath = /usr/share/man/man1/;
			dstSubfolderSpec = 0;
			files = (
			);
			runOnlyForDeploymentPostprocessing = 1;
		};
		6A2B58B229928A5500752F1C /* CopyFiles */ = {
			isa = PBXCopyFilesBuildPhase;
			buildActionMask = 2147483647;
			dstPath = /usr/share/man/man1/;
			dstSubfolderSpec = 0;
			files = (
			);
			runOnlyForDeploymentPostprocessing = 1;
		};
		6A513B8C298AA83400CD22D6 /* CopyFiles */ = {
			isa = PBXCopyFilesBuildPhase;
			buildActionMask = 2147483647;
			dstPath = /usr/share/man/man1/;
			dstSubfolderSpec = 0;
			files = (
			);
			runOnlyForDeploymentPostprocessing = 1;
		};
		6A73506A2985580D001F0255 /* CopyFiles */ = {
			isa = PBXCopyFilesBuildPhase;
			buildActionMask = 2147483647;
			dstPath = /usr/share/man/man1/;
			dstSubfolderSpec = 0;
			files = (
			);
			runOnlyForDeploymentPostprocessing = 1;
		};
		6A73507829855836001F0255 /* CopyFiles */ = {
			isa = PBXCopyFilesBuildPhase;
			buildActionMask = 2147483647;
			dstPath = /usr/share/man/man1/;
			dstSubfolderSpec = 0;
			files = (
			);
			runOnlyForDeploymentPostprocessing = 1;
		};
		6A735083298561C0001F0255 /* CopyFiles */ = {
			isa = PBXCopyFilesBuildPhase;
			buildActionMask = 2147483647;
			dstPath = /usr/share/man/man1/;
			dstSubfolderSpec = 0;
			files = (
			);
			runOnlyForDeploymentPostprocessing = 1;
		};
		6A73508E29856C10001F0255 /* CopyFiles */ = {
			isa = PBXCopyFilesBuildPhase;
			buildActionMask = 2147483647;
			dstPath = /usr/share/man/man1/;
			dstSubfolderSpec = 0;
			files = (
			);
			runOnlyForDeploymentPostprocessing = 1;
		};
		6A7C4B9D298CC30600B5F6BA /* CopyFiles */ = {
			isa = PBXCopyFilesBuildPhase;
			buildActionMask = 2147483647;
			dstPath = /usr/share/man/man1/;
			dstSubfolderSpec = 0;
			files = (
			);
			runOnlyForDeploymentPostprocessing = 1;
		};
		6A7C4BA8298CDD2F00B5F6BA /* CopyFiles */ = {
			isa = PBXCopyFilesBuildPhase;
			buildActionMask = 2147483647;
			dstPath = /usr/share/man/man1/;
			dstSubfolderSpec = 0;
			files = (
			);
			runOnlyForDeploymentPostprocessing = 1;
		};
		6A9A04B9298B5FD900430218 /* CopyFiles */ = {
			isa = PBXCopyFilesBuildPhase;
			buildActionMask = 2147483647;
			dstPath = /usr/share/man/man1/;
			dstSubfolderSpec = 0;
			files = (
			);
			runOnlyForDeploymentPostprocessing = 1;
		};
		6A9A04C4298B708700430218 /* CopyFiles */ = {
			isa = PBXCopyFilesBuildPhase;
			buildActionMask = 2147483647;
			dstPath = /usr/share/man/man1/;
			dstSubfolderSpec = 0;
			files = (
			);
			runOnlyForDeploymentPostprocessing = 1;
		};
		6A9A04E2298B8E7A00430218 /* CopyFiles */ = {
			isa = PBXCopyFilesBuildPhase;
			buildActionMask = 2147483647;
			dstPath = /usr/share/man/man1/;
			dstSubfolderSpec = 0;
			files = (
			);
			runOnlyForDeploymentPostprocessing = 1;
		};
		6A9A04ED298BFC8000430218 /* CopyFiles */ = {
			isa = PBXCopyFilesBuildPhase;
			buildActionMask = 2147483647;
			dstPath = /usr/share/man/man1/;
			dstSubfolderSpec = 0;
			files = (
			);
			runOnlyForDeploymentPostprocessing = 1;
		};
		6A9A04F8298C089800430218 /* CopyFiles */ = {
			isa = PBXCopyFilesBuildPhase;
			buildActionMask = 2147483647;
			dstPath = /usr/share/man/man1/;
			dstSubfolderSpec = 0;
			files = (
			);
			runOnlyForDeploymentPostprocessing = 1;
		};
		6AB2DD14298D15DA00C7831C /* CopyFiles */ = {
			isa = PBXCopyFilesBuildPhase;
			buildActionMask = 2147483647;
			dstPath = /usr/share/man/man1/;
			dstSubfolderSpec = 0;
			files = (
			);
			runOnlyForDeploymentPostprocessing = 1;
		};
		6AB2DD1F298D337500C7831C /* CopyFiles */ = {
			isa = PBXCopyFilesBuildPhase;
			buildActionMask = 2147483647;
			dstPath = /usr/share/man/man1/;
			dstSubfolderSpec = 0;
			files = (
			);
			runOnlyForDeploymentPostprocessing = 1;
		};
		6AB2DD2A298D38A400C7831C /* CopyFiles */ = {
			isa = PBXCopyFilesBuildPhase;
			buildActionMask = 2147483647;
			dstPath = /usr/share/man/man1/;
			dstSubfolderSpec = 0;
			files = (
			);
			runOnlyForDeploymentPostprocessing = 1;
		};
		6AB2DD35298D452400C7831C /* CopyFiles */ = {
			isa = PBXCopyFilesBuildPhase;
			buildActionMask = 2147483647;
			dstPath = /usr/share/man/man1/;
			dstSubfolderSpec = 0;
			files = (
			);
			runOnlyForDeploymentPostprocessing = 1;
		};
		6AB2DD40298D4C2600C7831C /* CopyFiles */ = {
			isa = PBXCopyFilesBuildPhase;
			buildActionMask = 2147483647;
			dstPath = /usr/share/man/man1/;
			dstSubfolderSpec = 0;
			files = (
			);
			runOnlyForDeploymentPostprocessing = 1;
		};
		6AB2DD75298D4FDD00C7831C /* CopyFiles */ = {
			isa = PBXCopyFilesBuildPhase;
			buildActionMask = 2147483647;
			dstPath = /usr/share/man/man1/;
			dstSubfolderSpec = 0;
			files = (
			);
			runOnlyForDeploymentPostprocessing = 1;
		};
		6AB8175229978170009C0AE8 /* CopyFiles */ = {
			isa = PBXCopyFilesBuildPhase;
			buildActionMask = 2147483647;
			dstPath = /usr/share/man/man1/;
			dstSubfolderSpec = 0;
			files = (
			);
			runOnlyForDeploymentPostprocessing = 1;
		};
		6AB8175D29979A4D009C0AE8 /* CopyFiles */ = {
			isa = PBXCopyFilesBuildPhase;
			buildActionMask = 2147483647;
			dstPath = /usr/share/man/man1/;
			dstSubfolderSpec = 0;
			files = (
			);
			runOnlyForDeploymentPostprocessing = 1;
		};
		6AB817682997A201009C0AE8 /* CopyFiles */ = {
			isa = PBXCopyFilesBuildPhase;
			buildActionMask = 2147483647;
			dstPath = /usr/share/man/man1/;
			dstSubfolderSpec = 0;
			files = (
			);
			runOnlyForDeploymentPostprocessing = 1;
		};
/* End PBXCopyFilesBuildPhase section */

/* Begin PBXFileReference section */
		6A2B5893299255AF00752F1C /* SumOfIntervals4 */ = {isa = PBXFileReference; explicitFileType = "compiled.mach-o.executable"; includeInIndex = 0; path = SumOfIntervals4; sourceTree = BUILT_PRODUCTS_DIR; };
		6A2B5895299255B000752F1C /* main.swift */ = {isa = PBXFileReference; lastKnownFileType = sourcecode.swift; path = main.swift; sourceTree = "<group>"; };
		6A2B589E29925C2A00752F1C /* FashionKing */ = {isa = PBXFileReference; explicitFileType = "compiled.mach-o.executable"; includeInIndex = 0; path = FashionKing; sourceTree = BUILT_PRODUCTS_DIR; };
		6A2B58A029925C2A00752F1C /* main.swift */ = {isa = PBXFileReference; lastKnownFileType = sourcecode.swift; path = main.swift; sourceTree = "<group>"; };
		6A2B58A929926C7E00752F1C /* QuadTree */ = {isa = PBXFileReference; explicitFileType = "compiled.mach-o.executable"; includeInIndex = 0; path = QuadTree; sourceTree = BUILT_PRODUCTS_DIR; };
		6A2B58AB29926C7E00752F1C /* main.swift */ = {isa = PBXFileReference; lastKnownFileType = sourcecode.swift; path = main.swift; sourceTree = "<group>"; };
		6A2B58B429928A5500752F1C /* ApplePickingGame */ = {isa = PBXFileReference; explicitFileType = "compiled.mach-o.executable"; includeInIndex = 0; path = ApplePickingGame; sourceTree = BUILT_PRODUCTS_DIR; };
		6A2B58B629928A5500752F1C /* main.swift */ = {isa = PBXFileReference; lastKnownFileType = sourcecode.swift; path = main.swift; sourceTree = "<group>"; };
		6A513B8E298AA83400CD22D6 /* ROT13 */ = {isa = PBXFileReference; explicitFileType = "compiled.mach-o.executable"; includeInIndex = 0; path = ROT13; sourceTree = BUILT_PRODUCTS_DIR; };
		6A513B90298AA83400CD22D6 /* main.swift */ = {isa = PBXFileReference; lastKnownFileType = sourcecode.swift; path = main.swift; sourceTree = "<group>"; };
		6A73506C2985580D001F0255 /* Re-Solve */ = {isa = PBXFileReference; explicitFileType = "compiled.mach-o.executable"; includeInIndex = 0; path = "Re-Solve"; sourceTree = BUILT_PRODUCTS_DIR; };
		6A73506F2985580D001F0255 /* main.swift */ = {isa = PBXFileReference; lastKnownFileType = sourcecode.swift; path = main.swift; sourceTree = "<group>"; };
		6A73507A29855836001F0255 /* CountingAlphabet */ = {isa = PBXFileReference; explicitFileType = "compiled.mach-o.executable"; includeInIndex = 0; path = CountingAlphabet; sourceTree = BUILT_PRODUCTS_DIR; };
		6A73507C29855836001F0255 /* main.swift */ = {isa = PBXFileReference; lastKnownFileType = sourcecode.swift; path = main.swift; sourceTree = "<group>"; };
		6A735085298561C0001F0255 /* TruckParking */ = {isa = PBXFileReference; explicitFileType = "compiled.mach-o.executable"; includeInIndex = 0; path = TruckParking; sourceTree = BUILT_PRODUCTS_DIR; };
		6A735087298561C0001F0255 /* main.swift */ = {isa = PBXFileReference; lastKnownFileType = sourcecode.swift; path = main.swift; sourceTree = "<group>"; };
		6A73509029856C10001F0255 /* BasketBallGame */ = {isa = PBXFileReference; explicitFileType = "compiled.mach-o.executable"; includeInIndex = 0; path = BasketBallGame; sourceTree = BUILT_PRODUCTS_DIR; };
		6A73509229856C10001F0255 /* main.swift */ = {isa = PBXFileReference; lastKnownFileType = sourcecode.swift; path = main.swift; sourceTree = "<group>"; };
		6A7C4B9F298CC30600B5F6BA /* PronouncePassword */ = {isa = PBXFileReference; explicitFileType = "compiled.mach-o.executable"; includeInIndex = 0; path = PronouncePassword; sourceTree = BUILT_PRODUCTS_DIR; };
		6A7C4BA1298CC30600B5F6BA /* main.swift */ = {isa = PBXFileReference; lastKnownFileType = sourcecode.swift; path = main.swift; sourceTree = "<group>"; };
		6A7C4BAA298CDD2F00B5F6BA /* MathHomework */ = {isa = PBXFileReference; explicitFileType = "compiled.mach-o.executable"; includeInIndex = 0; path = MathHomework; sourceTree = BUILT_PRODUCTS_DIR; };
		6A7C4BAC298CDD2F00B5F6BA /* main.swift */ = {isa = PBXFileReference; lastKnownFileType = sourcecode.swift; path = main.swift; sourceTree = "<group>"; };
		6A9A04BB298B5FD900430218 /* WhenIMissKoreaConnectToServer */ = {isa = PBXFileReference; explicitFileType = "compiled.mach-o.executable"; includeInIndex = 0; path = WhenIMissKoreaConnectToServer; sourceTree = BUILT_PRODUCTS_DIR; };
		6A9A04BD298B5FD900430218 /* main.swift */ = {isa = PBXFileReference; lastKnownFileType = sourcecode.swift; path = main.swift; sourceTree = "<group>"; };
		6A9A04C6298B708700430218 /* PocketmonMasterLee */ = {isa = PBXFileReference; explicitFileType = "compiled.mach-o.executable"; includeInIndex = 0; path = PocketmonMasterLee; sourceTree = BUILT_PRODUCTS_DIR; };
		6A9A04C8298B708700430218 /* main.swift */ = {isa = PBXFileReference; lastKnownFileType = sourcecode.swift; path = main.swift; sourceTree = "<group>"; };
		6A9A04E4298B8E7A00430218 /* GoodWord */ = {isa = PBXFileReference; explicitFileType = "compiled.mach-o.executable"; includeInIndex = 0; path = GoodWord; sourceTree = BUILT_PRODUCTS_DIR; };
		6A9A04E6298B8E7A00430218 /* main.swift */ = {isa = PBXFileReference; lastKnownFileType = sourcecode.swift; path = main.swift; sourceTree = "<group>"; };
		6A9A04EF298BFC8000430218 /* Multiply */ = {isa = PBXFileReference; explicitFileType = "compiled.mach-o.executable"; includeInIndex = 0; path = Multiply; sourceTree = BUILT_PRODUCTS_DIR; };
		6A9A04F1298BFC8000430218 /* main.swift */ = {isa = PBXFileReference; lastKnownFileType = sourcecode.swift; path = main.swift; sourceTree = "<group>"; };
		6A9A04FA298C089800430218 /* FrequencySort */ = {isa = PBXFileReference; explicitFileType = "compiled.mach-o.executable"; includeInIndex = 0; path = FrequencySort; sourceTree = BUILT_PRODUCTS_DIR; };
		6A9A04FC298C089800430218 /* main.swift */ = {isa = PBXFileReference; lastKnownFileType = sourcecode.swift; path = main.swift; sourceTree = "<group>"; };
		6AB2DD16298D15DA00C7831C /* WeatherCaster */ = {isa = PBXFileReference; explicitFileType = "compiled.mach-o.executable"; includeInIndex = 0; path = WeatherCaster; sourceTree = BUILT_PRODUCTS_DIR; };
		6AB2DD18298D15DA00C7831C /* main.swift */ = {isa = PBXFileReference; lastKnownFileType = sourcecode.swift; path = main.swift; sourceTree = "<group>"; };
		6AB2DD21298D337500C7831C /* ProfessorHyunwoo */ = {isa = PBXFileReference; explicitFileType = "compiled.mach-o.executable"; includeInIndex = 0; path = ProfessorHyunwoo; sourceTree = BUILT_PRODUCTS_DIR; };
		6AB2DD23298D337500C7831C /* main.swift */ = {isa = PBXFileReference; lastKnownFileType = sourcecode.swift; path = main.swift; sourceTree = "<group>"; };
		6AB2DD2C298D38A400C7831C /* One */ = {isa = PBXFileReference; explicitFileType = "compiled.mach-o.executable"; includeInIndex = 0; path = One; sourceTree = BUILT_PRODUCTS_DIR; };
		6AB2DD2E298D38A400C7831C /* main.swift */ = {isa = PBXFileReference; lastKnownFileType = sourcecode.swift; path = main.swift; sourceTree = "<group>"; };
		6AB2DD37298D452400C7831C /* NBABasketBall */ = {isa = PBXFileReference; explicitFileType = "compiled.mach-o.executable"; includeInIndex = 0; path = NBABasketBall; sourceTree = BUILT_PRODUCTS_DIR; };
		6AB2DD39298D452400C7831C /* main.swift */ = {isa = PBXFileReference; lastKnownFileType = sourcecode.swift; path = main.swift; sourceTree = "<group>"; };
		6AB2DD42298D4C2600C7831C /* BreakEvenPoint */ = {isa = PBXFileReference; explicitFileType = "compiled.mach-o.executable"; includeInIndex = 0; path = BreakEvenPoint; sourceTree = BUILT_PRODUCTS_DIR; };
		6AB2DD44298D4C2600C7831C /* main.swift */ = {isa = PBXFileReference; lastKnownFileType = sourcecode.swift; path = main.swift; sourceTree = "<group>"; };
		6AB2DD77298D4FDD00C7831C /* Sequence */ = {isa = PBXFileReference; explicitFileType = "compiled.mach-o.executable"; includeInIndex = 0; path = Sequence; sourceTree = BUILT_PRODUCTS_DIR; };
		6AB2DD79298D4FDD00C7831C /* main.swift */ = {isa = PBXFileReference; lastKnownFileType = sourcecode.swift; path = main.swift; sourceTree = "<group>"; };
		6AB8175429978170009C0AE8 /* RightBiggerNumber */ = {isa = PBXFileReference; explicitFileType = "compiled.mach-o.executable"; includeInIndex = 0; path = RightBiggerNumber; sourceTree = BUILT_PRODUCTS_DIR; };
		6AB8175629978170009C0AE8 /* main.swift */ = {isa = PBXFileReference; lastKnownFileType = sourcecode.swift; path = main.swift; sourceTree = "<group>"; };
		6AB8175F29979A4D009C0AE8 /* DirectorShhom */ = {isa = PBXFileReference; explicitFileType = "compiled.mach-o.executable"; includeInIndex = 0; path = DirectorShhom; sourceTree = BUILT_PRODUCTS_DIR; };
		6AB8176129979A4D009C0AE8 /* main.swift */ = {isa = PBXFileReference; lastKnownFileType = sourcecode.swift; path = main.swift; sourceTree = "<group>"; };
		6AB8176A2997A201009C0AE8 /* ChickenDelivery */ = {isa = PBXFileReference; explicitFileType = "compiled.mach-o.executable"; includeInIndex = 0; path = ChickenDelivery; sourceTree = BUILT_PRODUCTS_DIR; };
		6AB8176C2997A201009C0AE8 /* main.swift */ = {isa = PBXFileReference; lastKnownFileType = sourcecode.swift; path = main.swift; sourceTree = "<group>"; };
/* End PBXFileReference section */

/* Begin PBXFrameworksBuildPhase section */
		6A2B5890299255AF00752F1C /* Frameworks */ = {
			isa = PBXFrameworksBuildPhase;
			buildActionMask = 2147483647;
			files = (
			);
			runOnlyForDeploymentPostprocessing = 0;
		};
		6A2B589B29925C2A00752F1C /* Frameworks */ = {
			isa = PBXFrameworksBuildPhase;
			buildActionMask = 2147483647;
			files = (
			);
			runOnlyForDeploymentPostprocessing = 0;
		};
		6A2B58A629926C7E00752F1C /* Frameworks */ = {
			isa = PBXFrameworksBuildPhase;
			buildActionMask = 2147483647;
			files = (
			);
			runOnlyForDeploymentPostprocessing = 0;
		};
		6A2B58B129928A5500752F1C /* Frameworks */ = {
			isa = PBXFrameworksBuildPhase;
			buildActionMask = 2147483647;
			files = (
			);
			runOnlyForDeploymentPostprocessing = 0;
		};
		6A513B8B298AA83400CD22D6 /* Frameworks */ = {
			isa = PBXFrameworksBuildPhase;
			buildActionMask = 2147483647;
			files = (
			);
			runOnlyForDeploymentPostprocessing = 0;
		};
		6A7350692985580D001F0255 /* Frameworks */ = {
			isa = PBXFrameworksBuildPhase;
			buildActionMask = 2147483647;
			files = (
			);
			runOnlyForDeploymentPostprocessing = 0;
		};
		6A73507729855836001F0255 /* Frameworks */ = {
			isa = PBXFrameworksBuildPhase;
			buildActionMask = 2147483647;
			files = (
			);
			runOnlyForDeploymentPostprocessing = 0;
		};
		6A735082298561C0001F0255 /* Frameworks */ = {
			isa = PBXFrameworksBuildPhase;
			buildActionMask = 2147483647;
			files = (
			);
			runOnlyForDeploymentPostprocessing = 0;
		};
		6A73508D29856C10001F0255 /* Frameworks */ = {
			isa = PBXFrameworksBuildPhase;
			buildActionMask = 2147483647;
			files = (
			);
			runOnlyForDeploymentPostprocessing = 0;
		};
		6A7C4B9C298CC30600B5F6BA /* Frameworks */ = {
			isa = PBXFrameworksBuildPhase;
			buildActionMask = 2147483647;
			files = (
			);
			runOnlyForDeploymentPostprocessing = 0;
		};
		6A7C4BA7298CDD2F00B5F6BA /* Frameworks */ = {
			isa = PBXFrameworksBuildPhase;
			buildActionMask = 2147483647;
			files = (
			);
			runOnlyForDeploymentPostprocessing = 0;
		};
		6A9A04B8298B5FD900430218 /* Frameworks */ = {
			isa = PBXFrameworksBuildPhase;
			buildActionMask = 2147483647;
			files = (
			);
			runOnlyForDeploymentPostprocessing = 0;
		};
		6A9A04C3298B708700430218 /* Frameworks */ = {
			isa = PBXFrameworksBuildPhase;
			buildActionMask = 2147483647;
			files = (
			);
			runOnlyForDeploymentPostprocessing = 0;
		};
		6A9A04E1298B8E7A00430218 /* Frameworks */ = {
			isa = PBXFrameworksBuildPhase;
			buildActionMask = 2147483647;
			files = (
			);
			runOnlyForDeploymentPostprocessing = 0;
		};
		6A9A04EC298BFC8000430218 /* Frameworks */ = {
			isa = PBXFrameworksBuildPhase;
			buildActionMask = 2147483647;
			files = (
			);
			runOnlyForDeploymentPostprocessing = 0;
		};
		6A9A04F7298C089800430218 /* Frameworks */ = {
			isa = PBXFrameworksBuildPhase;
			buildActionMask = 2147483647;
			files = (
			);
			runOnlyForDeploymentPostprocessing = 0;
		};
		6AB2DD13298D15DA00C7831C /* Frameworks */ = {
			isa = PBXFrameworksBuildPhase;
			buildActionMask = 2147483647;
			files = (
			);
			runOnlyForDeploymentPostprocessing = 0;
		};
		6AB2DD1E298D337500C7831C /* Frameworks */ = {
			isa = PBXFrameworksBuildPhase;
			buildActionMask = 2147483647;
			files = (
			);
			runOnlyForDeploymentPostprocessing = 0;
		};
		6AB2DD29298D38A400C7831C /* Frameworks */ = {
			isa = PBXFrameworksBuildPhase;
			buildActionMask = 2147483647;
			files = (
			);
			runOnlyForDeploymentPostprocessing = 0;
		};
		6AB2DD34298D452400C7831C /* Frameworks */ = {
			isa = PBXFrameworksBuildPhase;
			buildActionMask = 2147483647;
			files = (
			);
			runOnlyForDeploymentPostprocessing = 0;
		};
		6AB2DD3F298D4C2600C7831C /* Frameworks */ = {
			isa = PBXFrameworksBuildPhase;
			buildActionMask = 2147483647;
			files = (
			);
			runOnlyForDeploymentPostprocessing = 0;
		};
		6AB2DD74298D4FDD00C7831C /* Frameworks */ = {
			isa = PBXFrameworksBuildPhase;
			buildActionMask = 2147483647;
			files = (
			);
			runOnlyForDeploymentPostprocessing = 0;
		};
		6AB8175129978170009C0AE8 /* Frameworks */ = {
			isa = PBXFrameworksBuildPhase;
			buildActionMask = 2147483647;
			files = (
			);
			runOnlyForDeploymentPostprocessing = 0;
		};
		6AB8175C29979A4D009C0AE8 /* Frameworks */ = {
			isa = PBXFrameworksBuildPhase;
			buildActionMask = 2147483647;
			files = (
			);
			runOnlyForDeploymentPostprocessing = 0;
		};
		6AB817672997A201009C0AE8 /* Frameworks */ = {
			isa = PBXFrameworksBuildPhase;
			buildActionMask = 2147483647;
			files = (
			);
			runOnlyForDeploymentPostprocessing = 0;
		};
/* End PBXFrameworksBuildPhase section */

/* Begin PBXGroup section */
		6A2B5894299255B000752F1C /* SumOfIntervals4 */ = {
			isa = PBXGroup;
			children = (
				6A2B5895299255B000752F1C /* main.swift */,
			);
			path = SumOfIntervals4;
			sourceTree = "<group>";
		};
		6A2B589F29925C2A00752F1C /* FashionKing */ = {
			isa = PBXGroup;
			children = (
				6A2B58A029925C2A00752F1C /* main.swift */,
			);
			path = FashionKing;
			sourceTree = "<group>";
		};
		6A2B58AA29926C7E00752F1C /* QuadTree */ = {
			isa = PBXGroup;
			children = (
				6A2B58AB29926C7E00752F1C /* main.swift */,
			);
			path = QuadTree;
			sourceTree = "<group>";
		};
		6A2B58B529928A5500752F1C /* ApplePickingGame */ = {
			isa = PBXGroup;
			children = (
				6A2B58B629928A5500752F1C /* main.swift */,
			);
			path = ApplePickingGame;
			sourceTree = "<group>";
		};
		6A513B8F298AA83400CD22D6 /* ROT13 */ = {
			isa = PBXGroup;
			children = (
				6A513B90298AA83400CD22D6 /* main.swift */,
			);
			path = ROT13;
			sourceTree = "<group>";
		};
		6A7350632985580D001F0255 = {
			isa = PBXGroup;
			children = (
				6A73506E2985580D001F0255 /* Re-Solve */,
				6A73507B29855836001F0255 /* CountingAlphabet */,
				6A735086298561C0001F0255 /* TruckParking */,
				6A73509129856C10001F0255 /* BasketBallGame */,
				6A513B8F298AA83400CD22D6 /* ROT13 */,
				6A9A04BC298B5FD900430218 /* WhenIMissKoreaConnectToServer */,
				6A9A04C7298B708700430218 /* PocketmonMasterLee */,
				6A9A04E5298B8E7A00430218 /* GoodWord */,
				6A9A04F0298BFC8000430218 /* Multiply */,
				6A9A04FB298C089800430218 /* FrequencySort */,
				6A7C4BA0298CC30600B5F6BA /* PronouncePassword */,
				6A7C4BAB298CDD2F00B5F6BA /* MathHomework */,
				6AB2DD17298D15DA00C7831C /* WeatherCaster */,
				6AB2DD22298D337500C7831C /* ProfessorHyunwoo */,
				6AB2DD2D298D38A400C7831C /* One */,
				6AB2DD38298D452400C7831C /* NBABasketBall */,
				6AB2DD43298D4C2600C7831C /* BreakEvenPoint */,
				6AB2DD78298D4FDD00C7831C /* Sequence */,
				6A2B5894299255B000752F1C /* SumOfIntervals4 */,
				6A2B589F29925C2A00752F1C /* FashionKing */,
				6A2B58AA29926C7E00752F1C /* QuadTree */,
				6A2B58B529928A5500752F1C /* ApplePickingGame */,
				6AB8175529978170009C0AE8 /* RightBiggerNumber */,
				6AB8176029979A4D009C0AE8 /* DirectorShhom */,
				6AB8176B2997A201009C0AE8 /* ChickenDelivery */,
				6A73506D2985580D001F0255 /* Products */,
			);
			sourceTree = "<group>";
		};
		6A73506D2985580D001F0255 /* Products */ = {
			isa = PBXGroup;
			children = (
				6A73506C2985580D001F0255 /* Re-Solve */,
				6A73507A29855836001F0255 /* CountingAlphabet */,
				6A735085298561C0001F0255 /* TruckParking */,
				6A73509029856C10001F0255 /* BasketBallGame */,
				6A513B8E298AA83400CD22D6 /* ROT13 */,
				6A9A04BB298B5FD900430218 /* WhenIMissKoreaConnectToServer */,
				6A9A04C6298B708700430218 /* PocketmonMasterLee */,
				6A9A04E4298B8E7A00430218 /* GoodWord */,
				6A9A04EF298BFC8000430218 /* Multiply */,
				6A9A04FA298C089800430218 /* FrequencySort */,
				6A7C4B9F298CC30600B5F6BA /* PronouncePassword */,
				6A7C4BAA298CDD2F00B5F6BA /* MathHomework */,
				6AB2DD16298D15DA00C7831C /* WeatherCaster */,
				6AB2DD21298D337500C7831C /* ProfessorHyunwoo */,
				6AB2DD2C298D38A400C7831C /* One */,
				6AB2DD37298D452400C7831C /* NBABasketBall */,
				6AB2DD42298D4C2600C7831C /* BreakEvenPoint */,
				6AB2DD77298D4FDD00C7831C /* Sequence */,
				6A2B5893299255AF00752F1C /* SumOfIntervals4 */,
				6A2B589E29925C2A00752F1C /* FashionKing */,
				6A2B58A929926C7E00752F1C /* QuadTree */,
				6A2B58B429928A5500752F1C /* ApplePickingGame */,
				6AB8175429978170009C0AE8 /* RightBiggerNumber */,
				6AB8175F29979A4D009C0AE8 /* DirectorShhom */,
				6AB8176A2997A201009C0AE8 /* ChickenDelivery */,
			);
			name = Products;
			sourceTree = "<group>";
		};
		6A73506E2985580D001F0255 /* Re-Solve */ = {
			isa = PBXGroup;
			children = (
				6A73506F2985580D001F0255 /* main.swift */,
			);
			path = "Re-Solve";
			sourceTree = "<group>";
		};
		6A73507B29855836001F0255 /* CountingAlphabet */ = {
			isa = PBXGroup;
			children = (
				6A73507C29855836001F0255 /* main.swift */,
			);
			path = CountingAlphabet;
			sourceTree = "<group>";
		};
		6A735086298561C0001F0255 /* TruckParking */ = {
			isa = PBXGroup;
			children = (
				6A735087298561C0001F0255 /* main.swift */,
			);
			path = TruckParking;
			sourceTree = "<group>";
		};
		6A73509129856C10001F0255 /* BasketBallGame */ = {
			isa = PBXGroup;
			children = (
				6A73509229856C10001F0255 /* main.swift */,
			);
			path = BasketBallGame;
			sourceTree = "<group>";
		};
		6A7C4BA0298CC30600B5F6BA /* PronouncePassword */ = {
			isa = PBXGroup;
			children = (
				6A7C4BA1298CC30600B5F6BA /* main.swift */,
			);
			path = PronouncePassword;
			sourceTree = "<group>";
		};
		6A7C4BAB298CDD2F00B5F6BA /* MathHomework */ = {
			isa = PBXGroup;
			children = (
				6A7C4BAC298CDD2F00B5F6BA /* main.swift */,
			);
			path = MathHomework;
			sourceTree = "<group>";
		};
		6A9A04BC298B5FD900430218 /* WhenIMissKoreaConnectToServer */ = {
			isa = PBXGroup;
			children = (
				6A9A04BD298B5FD900430218 /* main.swift */,
			);
			path = WhenIMissKoreaConnectToServer;
			sourceTree = "<group>";
		};
		6A9A04C7298B708700430218 /* PocketmonMasterLee */ = {
			isa = PBXGroup;
			children = (
				6A9A04C8298B708700430218 /* main.swift */,
			);
			path = PocketmonMasterLee;
			sourceTree = "<group>";
		};
		6A9A04E5298B8E7A00430218 /* GoodWord */ = {
			isa = PBXGroup;
			children = (
				6A9A04E6298B8E7A00430218 /* main.swift */,
			);
			path = GoodWord;
			sourceTree = "<group>";
		};
		6A9A04F0298BFC8000430218 /* Multiply */ = {
			isa = PBXGroup;
			children = (
				6A9A04F1298BFC8000430218 /* main.swift */,
			);
			path = Multiply;
			sourceTree = "<group>";
		};
		6A9A04FB298C089800430218 /* FrequencySort */ = {
			isa = PBXGroup;
			children = (
				6A9A04FC298C089800430218 /* main.swift */,
			);
			path = FrequencySort;
			sourceTree = "<group>";
		};
		6AB2DD17298D15DA00C7831C /* WeatherCaster */ = {
			isa = PBXGroup;
			children = (
				6AB2DD18298D15DA00C7831C /* main.swift */,
			);
			path = WeatherCaster;
			sourceTree = "<group>";
		};
		6AB2DD22298D337500C7831C /* ProfessorHyunwoo */ = {
			isa = PBXGroup;
			children = (
				6AB2DD23298D337500C7831C /* main.swift */,
			);
			path = ProfessorHyunwoo;
			sourceTree = "<group>";
		};
		6AB2DD2D298D38A400C7831C /* One */ = {
			isa = PBXGroup;
			children = (
				6AB2DD2E298D38A400C7831C /* main.swift */,
			);
			path = One;
			sourceTree = "<group>";
		};
		6AB2DD38298D452400C7831C /* NBABasketBall */ = {
			isa = PBXGroup;
			children = (
				6AB2DD39298D452400C7831C /* main.swift */,
			);
			path = NBABasketBall;
			sourceTree = "<group>";
		};
		6AB2DD43298D4C2600C7831C /* BreakEvenPoint */ = {
			isa = PBXGroup;
			children = (
				6AB2DD44298D4C2600C7831C /* main.swift */,
			);
			path = BreakEvenPoint;
			sourceTree = "<group>";
		};
		6AB2DD78298D4FDD00C7831C /* Sequence */ = {
			isa = PBXGroup;
			children = (
				6AB2DD79298D4FDD00C7831C /* main.swift */,
			);
			path = Sequence;
			sourceTree = "<group>";
		};
		6AB8175529978170009C0AE8 /* RightBiggerNumber */ = {
			isa = PBXGroup;
			children = (
				6AB8175629978170009C0AE8 /* main.swift */,
			);
			path = RightBiggerNumber;
			sourceTree = "<group>";
		};
		6AB8176029979A4D009C0AE8 /* DirectorShhom */ = {
			isa = PBXGroup;
			children = (
				6AB8176129979A4D009C0AE8 /* main.swift */,
			);
			path = DirectorShhom;
			sourceTree = "<group>";
		};
		6AB8176B2997A201009C0AE8 /* ChickenDelivery */ = {
			isa = PBXGroup;
			children = (
				6AB8176C2997A201009C0AE8 /* main.swift */,
			);
			path = ChickenDelivery;
			sourceTree = "<group>";
		};
/* End PBXGroup section */

/* Begin PBXNativeTarget section */
		6A2B5892299255AF00752F1C /* SumOfIntervals4 */ = {
			isa = PBXNativeTarget;
			buildConfigurationList = 6A2B5897299255B000752F1C /* Build configuration list for PBXNativeTarget "SumOfIntervals4" */;
			buildPhases = (
				6A2B588F299255AF00752F1C /* Sources */,
				6A2B5890299255AF00752F1C /* Frameworks */,
				6A2B5891299255AF00752F1C /* CopyFiles */,
			);
			buildRules = (
			);
			dependencies = (
			);
			name = SumOfIntervals4;
			productName = SumOfIntervals4;
			productReference = 6A2B5893299255AF00752F1C /* SumOfIntervals4 */;
			productType = "com.apple.product-type.tool";
		};
		6A2B589D29925C2A00752F1C /* FashionKing */ = {
			isa = PBXNativeTarget;
			buildConfigurationList = 6A2B58A229925C2A00752F1C /* Build configuration list for PBXNativeTarget "FashionKing" */;
			buildPhases = (
				6A2B589A29925C2A00752F1C /* Sources */,
				6A2B589B29925C2A00752F1C /* Frameworks */,
				6A2B589C29925C2A00752F1C /* CopyFiles */,
			);
			buildRules = (
			);
			dependencies = (
			);
			name = FashionKing;
			productName = FashionKing;
			productReference = 6A2B589E29925C2A00752F1C /* FashionKing */;
			productType = "com.apple.product-type.tool";
		};
		6A2B58A829926C7E00752F1C /* QuadTree */ = {
			isa = PBXNativeTarget;
			buildConfigurationList = 6A2B58AD29926C7E00752F1C /* Build configuration list for PBXNativeTarget "QuadTree" */;
			buildPhases = (
				6A2B58A529926C7E00752F1C /* Sources */,
				6A2B58A629926C7E00752F1C /* Frameworks */,
				6A2B58A729926C7E00752F1C /* CopyFiles */,
			);
			buildRules = (
			);
			dependencies = (
			);
			name = QuadTree;
			productName = QuadTree;
			productReference = 6A2B58A929926C7E00752F1C /* QuadTree */;
			productType = "com.apple.product-type.tool";
		};
		6A2B58B329928A5500752F1C /* ApplePickingGame */ = {
			isa = PBXNativeTarget;
			buildConfigurationList = 6A2B58B829928A5500752F1C /* Build configuration list for PBXNativeTarget "ApplePickingGame" */;
			buildPhases = (
				6A2B58B029928A5500752F1C /* Sources */,
				6A2B58B129928A5500752F1C /* Frameworks */,
				6A2B58B229928A5500752F1C /* CopyFiles */,
			);
			buildRules = (
			);
			dependencies = (
			);
			name = ApplePickingGame;
			productName = ApplePickingGame;
			productReference = 6A2B58B429928A5500752F1C /* ApplePickingGame */;
			productType = "com.apple.product-type.tool";
		};
		6A513B8D298AA83400CD22D6 /* ROT13 */ = {
			isa = PBXNativeTarget;
			buildConfigurationList = 6A513B94298AA83400CD22D6 /* Build configuration list for PBXNativeTarget "ROT13" */;
			buildPhases = (
				6A513B8A298AA83400CD22D6 /* Sources */,
				6A513B8B298AA83400CD22D6 /* Frameworks */,
				6A513B8C298AA83400CD22D6 /* CopyFiles */,
			);
			buildRules = (
			);
			dependencies = (
			);
			name = ROT13;
			productName = ROT13;
			productReference = 6A513B8E298AA83400CD22D6 /* ROT13 */;
			productType = "com.apple.product-type.tool";
		};
		6A73506B2985580D001F0255 /* Re-Solve */ = {
			isa = PBXNativeTarget;
			buildConfigurationList = 6A7350732985580D001F0255 /* Build configuration list for PBXNativeTarget "Re-Solve" */;
			buildPhases = (
				6A7350682985580D001F0255 /* Sources */,
				6A7350692985580D001F0255 /* Frameworks */,
				6A73506A2985580D001F0255 /* CopyFiles */,
			);
			buildRules = (
			);
			dependencies = (
			);
			name = "Re-Solve";
			productName = "Re-Solve";
			productReference = 6A73506C2985580D001F0255 /* Re-Solve */;
			productType = "com.apple.product-type.tool";
		};
		6A73507929855836001F0255 /* CountingAlphabet */ = {
			isa = PBXNativeTarget;
			buildConfigurationList = 6A73507E29855836001F0255 /* Build configuration list for PBXNativeTarget "CountingAlphabet" */;
			buildPhases = (
				6A73507629855836001F0255 /* Sources */,
				6A73507729855836001F0255 /* Frameworks */,
				6A73507829855836001F0255 /* CopyFiles */,
			);
			buildRules = (
			);
			dependencies = (
			);
			name = CountingAlphabet;
			productName = CountingAlphabet;
			productReference = 6A73507A29855836001F0255 /* CountingAlphabet */;
			productType = "com.apple.product-type.tool";
		};
		6A735084298561C0001F0255 /* TruckParking */ = {
			isa = PBXNativeTarget;
			buildConfigurationList = 6A73508B298561C0001F0255 /* Build configuration list for PBXNativeTarget "TruckParking" */;
			buildPhases = (
				6A735081298561C0001F0255 /* Sources */,
				6A735082298561C0001F0255 /* Frameworks */,
				6A735083298561C0001F0255 /* CopyFiles */,
			);
			buildRules = (
			);
			dependencies = (
			);
			name = TruckParking;
			productName = TruckParking;
			productReference = 6A735085298561C0001F0255 /* TruckParking */;
			productType = "com.apple.product-type.tool";
		};
		6A73508F29856C10001F0255 /* BasketBallGame */ = {
			isa = PBXNativeTarget;
			buildConfigurationList = 6A73509429856C10001F0255 /* Build configuration list for PBXNativeTarget "BasketBallGame" */;
			buildPhases = (
				6A73508C29856C10001F0255 /* Sources */,
				6A73508D29856C10001F0255 /* Frameworks */,
				6A73508E29856C10001F0255 /* CopyFiles */,
			);
			buildRules = (
			);
			dependencies = (
			);
			name = BasketBallGame;
			productName = BasketBallGame;
			productReference = 6A73509029856C10001F0255 /* BasketBallGame */;
			productType = "com.apple.product-type.tool";
		};
		6A7C4B9E298CC30600B5F6BA /* PronouncePassword */ = {
			isa = PBXNativeTarget;
			buildConfigurationList = 6A7C4BA5298CC30600B5F6BA /* Build configuration list for PBXNativeTarget "PronouncePassword" */;
			buildPhases = (
				6A7C4B9B298CC30600B5F6BA /* Sources */,
				6A7C4B9C298CC30600B5F6BA /* Frameworks */,
				6A7C4B9D298CC30600B5F6BA /* CopyFiles */,
			);
			buildRules = (
			);
			dependencies = (
			);
			name = PronouncePassword;
			productName = PronouncePassword;
			productReference = 6A7C4B9F298CC30600B5F6BA /* PronouncePassword */;
			productType = "com.apple.product-type.tool";
		};
		6A7C4BA9298CDD2F00B5F6BA /* MathHomework */ = {
			isa = PBXNativeTarget;
			buildConfigurationList = 6A7C4BAE298CDD2F00B5F6BA /* Build configuration list for PBXNativeTarget "MathHomework" */;
			buildPhases = (
				6A7C4BA6298CDD2F00B5F6BA /* Sources */,
				6A7C4BA7298CDD2F00B5F6BA /* Frameworks */,
				6A7C4BA8298CDD2F00B5F6BA /* CopyFiles */,
			);
			buildRules = (
			);
			dependencies = (
			);
			name = MathHomework;
			productName = MathHomework;
			productReference = 6A7C4BAA298CDD2F00B5F6BA /* MathHomework */;
			productType = "com.apple.product-type.tool";
		};
		6A9A04BA298B5FD900430218 /* WhenIMissKoreaConnectToServer */ = {
			isa = PBXNativeTarget;
			buildConfigurationList = 6A9A04C1298B5FD900430218 /* Build configuration list for PBXNativeTarget "WhenIMissKoreaConnectToServer" */;
			buildPhases = (
				6A9A04B7298B5FD900430218 /* Sources */,
				6A9A04B8298B5FD900430218 /* Frameworks */,
				6A9A04B9298B5FD900430218 /* CopyFiles */,
			);
			buildRules = (
			);
			dependencies = (
			);
			name = WhenIMissKoreaConnectToServer;
			productName = WhenIMissKoreaConnectToServer;
			productReference = 6A9A04BB298B5FD900430218 /* WhenIMissKoreaConnectToServer */;
			productType = "com.apple.product-type.tool";
		};
		6A9A04C5298B708700430218 /* PocketmonMasterLee */ = {
			isa = PBXNativeTarget;
			buildConfigurationList = 6A9A04CA298B708700430218 /* Build configuration list for PBXNativeTarget "PocketmonMasterLee" */;
			buildPhases = (
				6A9A04C2298B708700430218 /* Sources */,
				6A9A04C3298B708700430218 /* Frameworks */,
				6A9A04C4298B708700430218 /* CopyFiles */,
			);
			buildRules = (
			);
			dependencies = (
			);
			name = PocketmonMasterLee;
			productName = PocketmonMasterLee;
			productReference = 6A9A04C6298B708700430218 /* PocketmonMasterLee */;
			productType = "com.apple.product-type.tool";
		};
		6A9A04E3298B8E7A00430218 /* GoodWord */ = {
			isa = PBXNativeTarget;
			buildConfigurationList = 6A9A04EA298B8E7A00430218 /* Build configuration list for PBXNativeTarget "GoodWord" */;
			buildPhases = (
				6A9A04E0298B8E7A00430218 /* Sources */,
				6A9A04E1298B8E7A00430218 /* Frameworks */,
				6A9A04E2298B8E7A00430218 /* CopyFiles */,
			);
			buildRules = (
			);
			dependencies = (
			);
			name = GoodWord;
			productName = GoodWord;
			productReference = 6A9A04E4298B8E7A00430218 /* GoodWord */;
			productType = "com.apple.product-type.tool";
		};
		6A9A04EE298BFC8000430218 /* Multiply */ = {
			isa = PBXNativeTarget;
			buildConfigurationList = 6A9A04F5298BFC8000430218 /* Build configuration list for PBXNativeTarget "Multiply" */;
			buildPhases = (
				6A9A04EB298BFC8000430218 /* Sources */,
				6A9A04EC298BFC8000430218 /* Frameworks */,
				6A9A04ED298BFC8000430218 /* CopyFiles */,
			);
			buildRules = (
			);
			dependencies = (
			);
			name = Multiply;
			productName = Multiply;
			productReference = 6A9A04EF298BFC8000430218 /* Multiply */;
			productType = "com.apple.product-type.tool";
		};
		6A9A04F9298C089800430218 /* FrequencySort */ = {
			isa = PBXNativeTarget;
			buildConfigurationList = 6A9A04FE298C089800430218 /* Build configuration list for PBXNativeTarget "FrequencySort" */;
			buildPhases = (
				6A9A04F6298C089800430218 /* Sources */,
				6A9A04F7298C089800430218 /* Frameworks */,
				6A9A04F8298C089800430218 /* CopyFiles */,
			);
			buildRules = (
			);
			dependencies = (
			);
			name = FrequencySort;
			productName = FrequencySort;
			productReference = 6A9A04FA298C089800430218 /* FrequencySort */;
			productType = "com.apple.product-type.tool";
		};
		6AB2DD15298D15DA00C7831C /* WeatherCaster */ = {
			isa = PBXNativeTarget;
			buildConfigurationList = 6AB2DD1C298D15DA00C7831C /* Build configuration list for PBXNativeTarget "WeatherCaster" */;
			buildPhases = (
				6AB2DD12298D15DA00C7831C /* Sources */,
				6AB2DD13298D15DA00C7831C /* Frameworks */,
				6AB2DD14298D15DA00C7831C /* CopyFiles */,
			);
			buildRules = (
			);
			dependencies = (
			);
			name = WeatherCaster;
			productName = WeatherCaster;
			productReference = 6AB2DD16298D15DA00C7831C /* WeatherCaster */;
			productType = "com.apple.product-type.tool";
		};
		6AB2DD20298D337500C7831C /* ProfessorHyunwoo */ = {
			isa = PBXNativeTarget;
			buildConfigurationList = 6AB2DD25298D337500C7831C /* Build configuration list for PBXNativeTarget "ProfessorHyunwoo" */;
			buildPhases = (
				6AB2DD1D298D337500C7831C /* Sources */,
				6AB2DD1E298D337500C7831C /* Frameworks */,
				6AB2DD1F298D337500C7831C /* CopyFiles */,
			);
			buildRules = (
			);
			dependencies = (
			);
			name = ProfessorHyunwoo;
			productName = ProfessorHyunwoo;
			productReference = 6AB2DD21298D337500C7831C /* ProfessorHyunwoo */;
			productType = "com.apple.product-type.tool";
		};
		6AB2DD2B298D38A400C7831C /* One */ = {
			isa = PBXNativeTarget;
			buildConfigurationList = 6AB2DD30298D38A400C7831C /* Build configuration list for PBXNativeTarget "One" */;
			buildPhases = (
				6AB2DD28298D38A400C7831C /* Sources */,
				6AB2DD29298D38A400C7831C /* Frameworks */,
				6AB2DD2A298D38A400C7831C /* CopyFiles */,
			);
			buildRules = (
			);
			dependencies = (
			);
			name = One;
			productName = One;
			productReference = 6AB2DD2C298D38A400C7831C /* One */;
			productType = "com.apple.product-type.tool";
		};
		6AB2DD36298D452400C7831C /* NBABasketBall */ = {
			isa = PBXNativeTarget;
			buildConfigurationList = 6AB2DD3B298D452400C7831C /* Build configuration list for PBXNativeTarget "NBABasketBall" */;
			buildPhases = (
				6AB2DD33298D452400C7831C /* Sources */,
				6AB2DD34298D452400C7831C /* Frameworks */,
				6AB2DD35298D452400C7831C /* CopyFiles */,
			);
			buildRules = (
			);
			dependencies = (
			);
			name = NBABasketBall;
			productName = NBABasketBall;
			productReference = 6AB2DD37298D452400C7831C /* NBABasketBall */;
			productType = "com.apple.product-type.tool";
		};
		6AB2DD41298D4C2600C7831C /* BreakEvenPoint */ = {
			isa = PBXNativeTarget;
			buildConfigurationList = 6AB2DD46298D4C2600C7831C /* Build configuration list for PBXNativeTarget "BreakEvenPoint" */;
			buildPhases = (
				6AB2DD3E298D4C2600C7831C /* Sources */,
				6AB2DD3F298D4C2600C7831C /* Frameworks */,
				6AB2DD40298D4C2600C7831C /* CopyFiles */,
			);
			buildRules = (
			);
			dependencies = (
			);
			name = BreakEvenPoint;
			productName = BreakEvenPoint;
			productReference = 6AB2DD42298D4C2600C7831C /* BreakEvenPoint */;
			productType = "com.apple.product-type.tool";
		};
		6AB2DD76298D4FDD00C7831C /* Sequence */ = {
			isa = PBXNativeTarget;
			buildConfigurationList = 6AB2DD7D298D4FDD00C7831C /* Build configuration list for PBXNativeTarget "Sequence" */;
			buildPhases = (
				6AB2DD73298D4FDD00C7831C /* Sources */,
				6AB2DD74298D4FDD00C7831C /* Frameworks */,
				6AB2DD75298D4FDD00C7831C /* CopyFiles */,
			);
			buildRules = (
			);
			dependencies = (
			);
			name = Sequence;
			productName = Sequence;
			productReference = 6AB2DD77298D4FDD00C7831C /* Sequence */;
			productType = "com.apple.product-type.tool";
		};
		6AB8175329978170009C0AE8 /* RightBiggerNumber */ = {
			isa = PBXNativeTarget;
			buildConfigurationList = 6AB8175A29978170009C0AE8 /* Build configuration list for PBXNativeTarget "RightBiggerNumber" */;
			buildPhases = (
				6AB8175029978170009C0AE8 /* Sources */,
				6AB8175129978170009C0AE8 /* Frameworks */,
				6AB8175229978170009C0AE8 /* CopyFiles */,
			);
			buildRules = (
			);
			dependencies = (
			);
			name = RightBiggerNumber;
			productName = RightBiggerNumber;
			productReference = 6AB8175429978170009C0AE8 /* RightBiggerNumber */;
			productType = "com.apple.product-type.tool";
		};
		6AB8175E29979A4D009C0AE8 /* DirectorShhom */ = {
			isa = PBXNativeTarget;
			buildConfigurationList = 6AB8176329979A4D009C0AE8 /* Build configuration list for PBXNativeTarget "DirectorShhom" */;
			buildPhases = (
				6AB8175B29979A4D009C0AE8 /* Sources */,
				6AB8175C29979A4D009C0AE8 /* Frameworks */,
				6AB8175D29979A4D009C0AE8 /* CopyFiles */,
			);
			buildRules = (
			);
			dependencies = (
			);
			name = DirectorShhom;
			productName = DirectorShhom;
			productReference = 6AB8175F29979A4D009C0AE8 /* DirectorShhom */;
			productType = "com.apple.product-type.tool";
		};
		6AB817692997A201009C0AE8 /* ChickenDelivery */ = {
			isa = PBXNativeTarget;
			buildConfigurationList = 6AB8176E2997A201009C0AE8 /* Build configuration list for PBXNativeTarget "ChickenDelivery" */;
			buildPhases = (
				6AB817662997A201009C0AE8 /* Sources */,
				6AB817672997A201009C0AE8 /* Frameworks */,
				6AB817682997A201009C0AE8 /* CopyFiles */,
			);
			buildRules = (
			);
			dependencies = (
			);
			name = ChickenDelivery;
			productName = ChickenDelivery;
			productReference = 6AB8176A2997A201009C0AE8 /* ChickenDelivery */;
			productType = "com.apple.product-type.tool";
		};
/* End PBXNativeTarget section */

/* Begin PBXProject section */
		6A7350642985580D001F0255 /* Project object */ = {
			isa = PBXProject;
			attributes = {
				BuildIndependentTargetsInParallel = 1;
				LastSwiftUpdateCheck = 1420;
				LastUpgradeCheck = 1420;
				TargetAttributes = {
					6A2B5892299255AF00752F1C = {
						CreatedOnToolsVersion = 14.2;
					};
					6A2B589D29925C2A00752F1C = {
						CreatedOnToolsVersion = 14.2;
					};
					6A2B58A829926C7E00752F1C = {
						CreatedOnToolsVersion = 14.2;
					};
					6A2B58B329928A5500752F1C = {
						CreatedOnToolsVersion = 14.2;
					};
					6A513B8D298AA83400CD22D6 = {
						CreatedOnToolsVersion = 14.2;
					};
					6A73506B2985580D001F0255 = {
						CreatedOnToolsVersion = 14.2;
					};
					6A73507929855836001F0255 = {
						CreatedOnToolsVersion = 14.2;
					};
					6A735084298561C0001F0255 = {
						CreatedOnToolsVersion = 14.2;
					};
					6A73508F29856C10001F0255 = {
						CreatedOnToolsVersion = 14.2;
					};
					6A7C4B9E298CC30600B5F6BA = {
						CreatedOnToolsVersion = 14.2;
					};
					6A7C4BA9298CDD2F00B5F6BA = {
						CreatedOnToolsVersion = 14.2;
					};
					6A9A04BA298B5FD900430218 = {
						CreatedOnToolsVersion = 14.2;
					};
					6A9A04C5298B708700430218 = {
						CreatedOnToolsVersion = 14.2;
					};
					6A9A04E3298B8E7A00430218 = {
						CreatedOnToolsVersion = 14.2;
					};
					6A9A04EE298BFC8000430218 = {
						CreatedOnToolsVersion = 14.2;
					};
					6A9A04F9298C089800430218 = {
						CreatedOnToolsVersion = 14.2;
					};
					6AB2DD15298D15DA00C7831C = {
						CreatedOnToolsVersion = 14.2;
					};
					6AB2DD20298D337500C7831C = {
						CreatedOnToolsVersion = 14.2;
					};
					6AB2DD2B298D38A400C7831C = {
						CreatedOnToolsVersion = 14.2;
					};
					6AB2DD36298D452400C7831C = {
						CreatedOnToolsVersion = 14.2;
					};
					6AB2DD41298D4C2600C7831C = {
						CreatedOnToolsVersion = 14.2;
					};
					6AB2DD76298D4FDD00C7831C = {
						CreatedOnToolsVersion = 14.2;
					};
					6AB8175329978170009C0AE8 = {
						CreatedOnToolsVersion = 14.2;
					};
					6AB8175E29979A4D009C0AE8 = {
						CreatedOnToolsVersion = 14.2;
					};
					6AB817692997A201009C0AE8 = {
						CreatedOnToolsVersion = 14.2;
					};
				};
			};
			buildConfigurationList = 6A7350672985580D001F0255 /* Build configuration list for PBXProject "Re-Solve" */;
			compatibilityVersion = "Xcode 14.0";
			developmentRegion = en;
			hasScannedForEncodings = 0;
			knownRegions = (
				en,
				Base,
			);
			mainGroup = 6A7350632985580D001F0255;
			productRefGroup = 6A73506D2985580D001F0255 /* Products */;
			projectDirPath = "";
			projectRoot = "";
			targets = (
				6A73506B2985580D001F0255 /* Re-Solve */,
				6A73507929855836001F0255 /* CountingAlphabet */,
				6A735084298561C0001F0255 /* TruckParking */,
				6A73508F29856C10001F0255 /* BasketBallGame */,
				6A513B8D298AA83400CD22D6 /* ROT13 */,
				6A9A04BA298B5FD900430218 /* WhenIMissKoreaConnectToServer */,
				6A9A04C5298B708700430218 /* PocketmonMasterLee */,
				6A9A04E3298B8E7A00430218 /* GoodWord */,
				6A9A04EE298BFC8000430218 /* Multiply */,
				6A9A04F9298C089800430218 /* FrequencySort */,
				6A7C4B9E298CC30600B5F6BA /* PronouncePassword */,
				6A7C4BA9298CDD2F00B5F6BA /* MathHomework */,
				6AB2DD15298D15DA00C7831C /* WeatherCaster */,
				6AB2DD20298D337500C7831C /* ProfessorHyunwoo */,
				6AB2DD2B298D38A400C7831C /* One */,
				6AB2DD36298D452400C7831C /* NBABasketBall */,
				6AB2DD41298D4C2600C7831C /* BreakEvenPoint */,
				6AB2DD76298D4FDD00C7831C /* Sequence */,
				6A2B5892299255AF00752F1C /* SumOfIntervals4 */,
				6A2B589D29925C2A00752F1C /* FashionKing */,
				6A2B58A829926C7E00752F1C /* QuadTree */,
				6A2B58B329928A5500752F1C /* ApplePickingGame */,
				6AB8175329978170009C0AE8 /* RightBiggerNumber */,
				6AB8175E29979A4D009C0AE8 /* DirectorShhom */,
				6AB817692997A201009C0AE8 /* ChickenDelivery */,
			);
		};
/* End PBXProject section */

/* Begin PBXSourcesBuildPhase section */
		6A2B588F299255AF00752F1C /* Sources */ = {
			isa = PBXSourcesBuildPhase;
			buildActionMask = 2147483647;
			files = (
				6A2B5896299255B000752F1C /* main.swift in Sources */,
			);
			runOnlyForDeploymentPostprocessing = 0;
		};
		6A2B589A29925C2A00752F1C /* Sources */ = {
			isa = PBXSourcesBuildPhase;
			buildActionMask = 2147483647;
			files = (
				6A2B58A129925C2A00752F1C /* main.swift in Sources */,
			);
			runOnlyForDeploymentPostprocessing = 0;
		};
		6A2B58A529926C7E00752F1C /* Sources */ = {
			isa = PBXSourcesBuildPhase;
			buildActionMask = 2147483647;
			files = (
				6A2B58AC29926C7E00752F1C /* main.swift in Sources */,
			);
			runOnlyForDeploymentPostprocessing = 0;
		};
		6A2B58B029928A5500752F1C /* Sources */ = {
			isa = PBXSourcesBuildPhase;
			buildActionMask = 2147483647;
			files = (
				6A2B58B729928A5500752F1C /* main.swift in Sources */,
			);
			runOnlyForDeploymentPostprocessing = 0;
		};
		6A513B8A298AA83400CD22D6 /* Sources */ = {
			isa = PBXSourcesBuildPhase;
			buildActionMask = 2147483647;
			files = (
				6A513B91298AA83400CD22D6 /* main.swift in Sources */,
			);
			runOnlyForDeploymentPostprocessing = 0;
		};
		6A7350682985580D001F0255 /* Sources */ = {
			isa = PBXSourcesBuildPhase;
			buildActionMask = 2147483647;
			files = (
				6A7350702985580D001F0255 /* main.swift in Sources */,
			);
			runOnlyForDeploymentPostprocessing = 0;
		};
		6A73507629855836001F0255 /* Sources */ = {
			isa = PBXSourcesBuildPhase;
			buildActionMask = 2147483647;
			files = (
				6A73507D29855836001F0255 /* main.swift in Sources */,
			);
			runOnlyForDeploymentPostprocessing = 0;
		};
		6A735081298561C0001F0255 /* Sources */ = {
			isa = PBXSourcesBuildPhase;
			buildActionMask = 2147483647;
			files = (
				6A735088298561C0001F0255 /* main.swift in Sources */,
			);
			runOnlyForDeploymentPostprocessing = 0;
		};
		6A73508C29856C10001F0255 /* Sources */ = {
			isa = PBXSourcesBuildPhase;
			buildActionMask = 2147483647;
			files = (
				6A73509329856C10001F0255 /* main.swift in Sources */,
			);
			runOnlyForDeploymentPostprocessing = 0;
		};
		6A7C4B9B298CC30600B5F6BA /* Sources */ = {
			isa = PBXSourcesBuildPhase;
			buildActionMask = 2147483647;
			files = (
				6A7C4BA2298CC30600B5F6BA /* main.swift in Sources */,
			);
			runOnlyForDeploymentPostprocessing = 0;
		};
		6A7C4BA6298CDD2F00B5F6BA /* Sources */ = {
			isa = PBXSourcesBuildPhase;
			buildActionMask = 2147483647;
			files = (
				6A7C4BAD298CDD2F00B5F6BA /* main.swift in Sources */,
			);
			runOnlyForDeploymentPostprocessing = 0;
		};
		6A9A04B7298B5FD900430218 /* Sources */ = {
			isa = PBXSourcesBuildPhase;
			buildActionMask = 2147483647;
			files = (
				6A9A04BE298B5FD900430218 /* main.swift in Sources */,
			);
			runOnlyForDeploymentPostprocessing = 0;
		};
		6A9A04C2298B708700430218 /* Sources */ = {
			isa = PBXSourcesBuildPhase;
			buildActionMask = 2147483647;
			files = (
				6A9A04C9298B708700430218 /* main.swift in Sources */,
			);
			runOnlyForDeploymentPostprocessing = 0;
		};
		6A9A04E0298B8E7A00430218 /* Sources */ = {
			isa = PBXSourcesBuildPhase;
			buildActionMask = 2147483647;
			files = (
				6A9A04E7298B8E7A00430218 /* main.swift in Sources */,
			);
			runOnlyForDeploymentPostprocessing = 0;
		};
		6A9A04EB298BFC8000430218 /* Sources */ = {
			isa = PBXSourcesBuildPhase;
			buildActionMask = 2147483647;
			files = (
				6A9A04F2298BFC8000430218 /* main.swift in Sources */,
			);
			runOnlyForDeploymentPostprocessing = 0;
		};
		6A9A04F6298C089800430218 /* Sources */ = {
			isa = PBXSourcesBuildPhase;
			buildActionMask = 2147483647;
			files = (
				6A9A04FD298C089800430218 /* main.swift in Sources */,
			);
			runOnlyForDeploymentPostprocessing = 0;
		};
		6AB2DD12298D15DA00C7831C /* Sources */ = {
			isa = PBXSourcesBuildPhase;
			buildActionMask = 2147483647;
			files = (
				6AB2DD19298D15DA00C7831C /* main.swift in Sources */,
			);
			runOnlyForDeploymentPostprocessing = 0;
		};
		6AB2DD1D298D337500C7831C /* Sources */ = {
			isa = PBXSourcesBuildPhase;
			buildActionMask = 2147483647;
			files = (
				6AB2DD24298D337500C7831C /* main.swift in Sources */,
			);
			runOnlyForDeploymentPostprocessing = 0;
		};
		6AB2DD28298D38A400C7831C /* Sources */ = {
			isa = PBXSourcesBuildPhase;
			buildActionMask = 2147483647;
			files = (
				6AB2DD2F298D38A400C7831C /* main.swift in Sources */,
			);
			runOnlyForDeploymentPostprocessing = 0;
		};
		6AB2DD33298D452400C7831C /* Sources */ = {
			isa = PBXSourcesBuildPhase;
			buildActionMask = 2147483647;
			files = (
				6AB2DD3A298D452400C7831C /* main.swift in Sources */,
			);
			runOnlyForDeploymentPostprocessing = 0;
		};
		6AB2DD3E298D4C2600C7831C /* Sources */ = {
			isa = PBXSourcesBuildPhase;
			buildActionMask = 2147483647;
			files = (
				6AB2DD45298D4C2600C7831C /* main.swift in Sources */,
			);
			runOnlyForDeploymentPostprocessing = 0;
		};
		6AB2DD73298D4FDD00C7831C /* Sources */ = {
			isa = PBXSourcesBuildPhase;
			buildActionMask = 2147483647;
			files = (
				6AB2DD7A298D4FDD00C7831C /* main.swift in Sources */,
			);
			runOnlyForDeploymentPostprocessing = 0;
		};
		6AB8175029978170009C0AE8 /* Sources */ = {
			isa = PBXSourcesBuildPhase;
			buildActionMask = 2147483647;
			files = (
				6AB8175729978170009C0AE8 /* main.swift in Sources */,
			);
			runOnlyForDeploymentPostprocessing = 0;
		};
		6AB8175B29979A4D009C0AE8 /* Sources */ = {
			isa = PBXSourcesBuildPhase;
			buildActionMask = 2147483647;
			files = (
				6AB8176229979A4D009C0AE8 /* main.swift in Sources */,
			);
			runOnlyForDeploymentPostprocessing = 0;
		};
		6AB817662997A201009C0AE8 /* Sources */ = {
			isa = PBXSourcesBuildPhase;
			buildActionMask = 2147483647;
			files = (
				6AB8176D2997A201009C0AE8 /* main.swift in Sources */,
			);
			runOnlyForDeploymentPostprocessing = 0;
		};
/* End PBXSourcesBuildPhase section */

/* Begin XCBuildConfiguration section */
		6A2B5898299255B000752F1C /* Debug */ = {
			isa = XCBuildConfiguration;
			buildSettings = {
				CODE_SIGN_STYLE = Automatic;
				PRODUCT_NAME = "$(TARGET_NAME)";
				SWIFT_VERSION = 5.0;
			};
			name = Debug;
		};
		6A2B5899299255B000752F1C /* Release */ = {
			isa = XCBuildConfiguration;
			buildSettings = {
				CODE_SIGN_STYLE = Automatic;
				PRODUCT_NAME = "$(TARGET_NAME)";
				SWIFT_VERSION = 5.0;
			};
			name = Release;
		};
		6A2B58A329925C2A00752F1C /* Debug */ = {
			isa = XCBuildConfiguration;
			buildSettings = {
				CODE_SIGN_STYLE = Automatic;
				PRODUCT_NAME = "$(TARGET_NAME)";
				SWIFT_VERSION = 5.0;
			};
			name = Debug;
		};
		6A2B58A429925C2A00752F1C /* Release */ = {
			isa = XCBuildConfiguration;
			buildSettings = {
				CODE_SIGN_STYLE = Automatic;
				PRODUCT_NAME = "$(TARGET_NAME)";
				SWIFT_VERSION = 5.0;
			};
			name = Release;
		};
		6A2B58AE29926C7E00752F1C /* Debug */ = {
			isa = XCBuildConfiguration;
			buildSettings = {
				CODE_SIGN_STYLE = Automatic;
				PRODUCT_NAME = "$(TARGET_NAME)";
				SWIFT_VERSION = 5.0;
			};
			name = Debug;
		};
		6A2B58AF29926C7E00752F1C /* Release */ = {
			isa = XCBuildConfiguration;
			buildSettings = {
				CODE_SIGN_STYLE = Automatic;
				PRODUCT_NAME = "$(TARGET_NAME)";
				SWIFT_VERSION = 5.0;
			};
			name = Release;
		};
		6A2B58B929928A5500752F1C /* Debug */ = {
			isa = XCBuildConfiguration;
			buildSettings = {
				CODE_SIGN_STYLE = Automatic;
				PRODUCT_NAME = "$(TARGET_NAME)";
				SWIFT_VERSION = 5.0;
			};
			name = Debug;
		};
		6A2B58BA29928A5500752F1C /* Release */ = {
			isa = XCBuildConfiguration;
			buildSettings = {
				CODE_SIGN_STYLE = Automatic;
				PRODUCT_NAME = "$(TARGET_NAME)";
				SWIFT_VERSION = 5.0;
			};
			name = Release;
		};
		6A513B92298AA83400CD22D6 /* Debug */ = {
			isa = XCBuildConfiguration;
			buildSettings = {
				CODE_SIGN_STYLE = Automatic;
				PRODUCT_NAME = "$(TARGET_NAME)";
				SWIFT_VERSION = 5.0;
			};
			name = Debug;
		};
		6A513B93298AA83400CD22D6 /* Release */ = {
			isa = XCBuildConfiguration;
			buildSettings = {
				CODE_SIGN_STYLE = Automatic;
				PRODUCT_NAME = "$(TARGET_NAME)";
				SWIFT_VERSION = 5.0;
			};
			name = Release;
		};
		6A7350712985580D001F0255 /* Debug */ = {
			isa = XCBuildConfiguration;
			buildSettings = {
				ALWAYS_SEARCH_USER_PATHS = NO;
				CLANG_ANALYZER_NONNULL = YES;
				CLANG_ANALYZER_NUMBER_OBJECT_CONVERSION = YES_AGGRESSIVE;
				CLANG_CXX_LANGUAGE_STANDARD = "gnu++20";
				CLANG_ENABLE_MODULES = YES;
				CLANG_ENABLE_OBJC_ARC = YES;
				CLANG_ENABLE_OBJC_WEAK = YES;
				CLANG_WARN_BLOCK_CAPTURE_AUTORELEASING = YES;
				CLANG_WARN_BOOL_CONVERSION = YES;
				CLANG_WARN_COMMA = YES;
				CLANG_WARN_CONSTANT_CONVERSION = YES;
				CLANG_WARN_DEPRECATED_OBJC_IMPLEMENTATIONS = YES;
				CLANG_WARN_DIRECT_OBJC_ISA_USAGE = YES_ERROR;
				CLANG_WARN_DOCUMENTATION_COMMENTS = YES;
				CLANG_WARN_EMPTY_BODY = YES;
				CLANG_WARN_ENUM_CONVERSION = YES;
				CLANG_WARN_INFINITE_RECURSION = YES;
				CLANG_WARN_INT_CONVERSION = YES;
				CLANG_WARN_NON_LITERAL_NULL_CONVERSION = YES;
				CLANG_WARN_OBJC_IMPLICIT_RETAIN_SELF = YES;
				CLANG_WARN_OBJC_LITERAL_CONVERSION = YES;
				CLANG_WARN_OBJC_ROOT_CLASS = YES_ERROR;
				CLANG_WARN_QUOTED_INCLUDE_IN_FRAMEWORK_HEADER = YES;
				CLANG_WARN_RANGE_LOOP_ANALYSIS = YES;
				CLANG_WARN_STRICT_PROTOTYPES = YES;
				CLANG_WARN_SUSPICIOUS_MOVE = YES;
				CLANG_WARN_UNGUARDED_AVAILABILITY = YES_AGGRESSIVE;
				CLANG_WARN_UNREACHABLE_CODE = YES;
				CLANG_WARN__DUPLICATE_METHOD_MATCH = YES;
				COPY_PHASE_STRIP = NO;
				DEBUG_INFORMATION_FORMAT = dwarf;
				ENABLE_STRICT_OBJC_MSGSEND = YES;
				ENABLE_TESTABILITY = YES;
				GCC_C_LANGUAGE_STANDARD = gnu11;
				GCC_DYNAMIC_NO_PIC = NO;
				GCC_NO_COMMON_BLOCKS = YES;
				GCC_OPTIMIZATION_LEVEL = 0;
				GCC_PREPROCESSOR_DEFINITIONS = (
					"DEBUG=1",
					"$(inherited)",
				);
				GCC_WARN_64_TO_32_BIT_CONVERSION = YES;
				GCC_WARN_ABOUT_RETURN_TYPE = YES_ERROR;
				GCC_WARN_UNDECLARED_SELECTOR = YES;
				GCC_WARN_UNINITIALIZED_AUTOS = YES_AGGRESSIVE;
				GCC_WARN_UNUSED_FUNCTION = YES;
				GCC_WARN_UNUSED_VARIABLE = YES;
				MACOSX_DEPLOYMENT_TARGET = 13.1;
				MTL_ENABLE_DEBUG_INFO = INCLUDE_SOURCE;
				MTL_FAST_MATH = YES;
				ONLY_ACTIVE_ARCH = YES;
				SDKROOT = macosx;
				SWIFT_ACTIVE_COMPILATION_CONDITIONS = DEBUG;
				SWIFT_OPTIMIZATION_LEVEL = "-Onone";
			};
			name = Debug;
		};
		6A7350722985580D001F0255 /* Release */ = {
			isa = XCBuildConfiguration;
			buildSettings = {
				ALWAYS_SEARCH_USER_PATHS = NO;
				CLANG_ANALYZER_NONNULL = YES;
				CLANG_ANALYZER_NUMBER_OBJECT_CONVERSION = YES_AGGRESSIVE;
				CLANG_CXX_LANGUAGE_STANDARD = "gnu++20";
				CLANG_ENABLE_MODULES = YES;
				CLANG_ENABLE_OBJC_ARC = YES;
				CLANG_ENABLE_OBJC_WEAK = YES;
				CLANG_WARN_BLOCK_CAPTURE_AUTORELEASING = YES;
				CLANG_WARN_BOOL_CONVERSION = YES;
				CLANG_WARN_COMMA = YES;
				CLANG_WARN_CONSTANT_CONVERSION = YES;
				CLANG_WARN_DEPRECATED_OBJC_IMPLEMENTATIONS = YES;
				CLANG_WARN_DIRECT_OBJC_ISA_USAGE = YES_ERROR;
				CLANG_WARN_DOCUMENTATION_COMMENTS = YES;
				CLANG_WARN_EMPTY_BODY = YES;
				CLANG_WARN_ENUM_CONVERSION = YES;
				CLANG_WARN_INFINITE_RECURSION = YES;
				CLANG_WARN_INT_CONVERSION = YES;
				CLANG_WARN_NON_LITERAL_NULL_CONVERSION = YES;
				CLANG_WARN_OBJC_IMPLICIT_RETAIN_SELF = YES;
				CLANG_WARN_OBJC_LITERAL_CONVERSION = YES;
				CLANG_WARN_OBJC_ROOT_CLASS = YES_ERROR;
				CLANG_WARN_QUOTED_INCLUDE_IN_FRAMEWORK_HEADER = YES;
				CLANG_WARN_RANGE_LOOP_ANALYSIS = YES;
				CLANG_WARN_STRICT_PROTOTYPES = YES;
				CLANG_WARN_SUSPICIOUS_MOVE = YES;
				CLANG_WARN_UNGUARDED_AVAILABILITY = YES_AGGRESSIVE;
				CLANG_WARN_UNREACHABLE_CODE = YES;
				CLANG_WARN__DUPLICATE_METHOD_MATCH = YES;
				COPY_PHASE_STRIP = NO;
				DEBUG_INFORMATION_FORMAT = "dwarf-with-dsym";
				ENABLE_NS_ASSERTIONS = NO;
				ENABLE_STRICT_OBJC_MSGSEND = YES;
				GCC_C_LANGUAGE_STANDARD = gnu11;
				GCC_NO_COMMON_BLOCKS = YES;
				GCC_WARN_64_TO_32_BIT_CONVERSION = YES;
				GCC_WARN_ABOUT_RETURN_TYPE = YES_ERROR;
				GCC_WARN_UNDECLARED_SELECTOR = YES;
				GCC_WARN_UNINITIALIZED_AUTOS = YES_AGGRESSIVE;
				GCC_WARN_UNUSED_FUNCTION = YES;
				GCC_WARN_UNUSED_VARIABLE = YES;
				MACOSX_DEPLOYMENT_TARGET = 13.1;
				MTL_ENABLE_DEBUG_INFO = NO;
				MTL_FAST_MATH = YES;
				SDKROOT = macosx;
				SWIFT_COMPILATION_MODE = wholemodule;
				SWIFT_OPTIMIZATION_LEVEL = "-O";
			};
			name = Release;
		};
		6A7350742985580D001F0255 /* Debug */ = {
			isa = XCBuildConfiguration;
			buildSettings = {
				CODE_SIGN_STYLE = Automatic;
				PRODUCT_NAME = "$(TARGET_NAME)";
				SWIFT_VERSION = 5.0;
			};
			name = Debug;
		};
		6A7350752985580D001F0255 /* Release */ = {
			isa = XCBuildConfiguration;
			buildSettings = {
				CODE_SIGN_STYLE = Automatic;
				PRODUCT_NAME = "$(TARGET_NAME)";
				SWIFT_VERSION = 5.0;
			};
			name = Release;
		};
		6A73507F29855836001F0255 /* Debug */ = {
			isa = XCBuildConfiguration;
			buildSettings = {
				CODE_SIGN_STYLE = Automatic;
				PRODUCT_NAME = "$(TARGET_NAME)";
				SWIFT_VERSION = 5.0;
			};
			name = Debug;
		};
		6A73508029855836001F0255 /* Release */ = {
			isa = XCBuildConfiguration;
			buildSettings = {
				CODE_SIGN_STYLE = Automatic;
				PRODUCT_NAME = "$(TARGET_NAME)";
				SWIFT_VERSION = 5.0;
			};
			name = Release;
		};
		6A735089298561C0001F0255 /* Debug */ = {
			isa = XCBuildConfiguration;
			buildSettings = {
				CODE_SIGN_STYLE = Automatic;
				PRODUCT_NAME = "$(TARGET_NAME)";
				SWIFT_VERSION = 5.0;
			};
			name = Debug;
		};
		6A73508A298561C0001F0255 /* Release */ = {
			isa = XCBuildConfiguration;
			buildSettings = {
				CODE_SIGN_STYLE = Automatic;
				PRODUCT_NAME = "$(TARGET_NAME)";
				SWIFT_VERSION = 5.0;
			};
			name = Release;
		};
		6A73509529856C10001F0255 /* Debug */ = {
			isa = XCBuildConfiguration;
			buildSettings = {
				CODE_SIGN_STYLE = Automatic;
				PRODUCT_NAME = "$(TARGET_NAME)";
				SWIFT_VERSION = 5.0;
			};
			name = Debug;
		};
		6A73509629856C10001F0255 /* Release */ = {
			isa = XCBuildConfiguration;
			buildSettings = {
				CODE_SIGN_STYLE = Automatic;
				PRODUCT_NAME = "$(TARGET_NAME)";
				SWIFT_VERSION = 5.0;
			};
			name = Release;
		};
		6A7C4BA3298CC30600B5F6BA /* Debug */ = {
			isa = XCBuildConfiguration;
			buildSettings = {
				CODE_SIGN_STYLE = Automatic;
				PRODUCT_NAME = "$(TARGET_NAME)";
				SWIFT_VERSION = 5.0;
			};
			name = Debug;
		};
		6A7C4BA4298CC30600B5F6BA /* Release */ = {
			isa = XCBuildConfiguration;
			buildSettings = {
				CODE_SIGN_STYLE = Automatic;
				PRODUCT_NAME = "$(TARGET_NAME)";
				SWIFT_VERSION = 5.0;
			};
			name = Release;
		};
		6A7C4BAF298CDD2F00B5F6BA /* Debug */ = {
			isa = XCBuildConfiguration;
			buildSettings = {
				CODE_SIGN_STYLE = Automatic;
				PRODUCT_NAME = "$(TARGET_NAME)";
				SWIFT_VERSION = 5.0;
			};
			name = Debug;
		};
		6A7C4BB0298CDD2F00B5F6BA /* Release */ = {
			isa = XCBuildConfiguration;
			buildSettings = {
				CODE_SIGN_STYLE = Automatic;
				PRODUCT_NAME = "$(TARGET_NAME)";
				SWIFT_VERSION = 5.0;
			};
			name = Release;
		};
		6A9A04BF298B5FD900430218 /* Debug */ = {
			isa = XCBuildConfiguration;
			buildSettings = {
				CODE_SIGN_STYLE = Automatic;
				PRODUCT_NAME = "$(TARGET_NAME)";
				SWIFT_VERSION = 5.0;
			};
			name = Debug;
		};
		6A9A04C0298B5FD900430218 /* Release */ = {
			isa = XCBuildConfiguration;
			buildSettings = {
				CODE_SIGN_STYLE = Automatic;
				PRODUCT_NAME = "$(TARGET_NAME)";
				SWIFT_VERSION = 5.0;
			};
			name = Release;
		};
		6A9A04CB298B708700430218 /* Debug */ = {
			isa = XCBuildConfiguration;
			buildSettings = {
				CODE_SIGN_STYLE = Automatic;
				PRODUCT_NAME = "$(TARGET_NAME)";
				SWIFT_VERSION = 5.0;
			};
			name = Debug;
		};
		6A9A04CC298B708700430218 /* Release */ = {
			isa = XCBuildConfiguration;
			buildSettings = {
				CODE_SIGN_STYLE = Automatic;
				PRODUCT_NAME = "$(TARGET_NAME)";
				SWIFT_VERSION = 5.0;
			};
			name = Release;
		};
		6A9A04E8298B8E7A00430218 /* Debug */ = {
			isa = XCBuildConfiguration;
			buildSettings = {
				CODE_SIGN_STYLE = Automatic;
				PRODUCT_NAME = "$(TARGET_NAME)";
				SWIFT_VERSION = 5.0;
			};
			name = Debug;
		};
		6A9A04E9298B8E7A00430218 /* Release */ = {
			isa = XCBuildConfiguration;
			buildSettings = {
				CODE_SIGN_STYLE = Automatic;
				PRODUCT_NAME = "$(TARGET_NAME)";
				SWIFT_VERSION = 5.0;
			};
			name = Release;
		};
		6A9A04F3298BFC8000430218 /* Debug */ = {
			isa = XCBuildConfiguration;
			buildSettings = {
				CODE_SIGN_STYLE = Automatic;
				PRODUCT_NAME = "$(TARGET_NAME)";
				SWIFT_VERSION = 5.0;
			};
			name = Debug;
		};
		6A9A04F4298BFC8000430218 /* Release */ = {
			isa = XCBuildConfiguration;
			buildSettings = {
				CODE_SIGN_STYLE = Automatic;
				PRODUCT_NAME = "$(TARGET_NAME)";
				SWIFT_VERSION = 5.0;
			};
			name = Release;
		};
		6A9A04FF298C089800430218 /* Debug */ = {
			isa = XCBuildConfiguration;
			buildSettings = {
				CODE_SIGN_STYLE = Automatic;
				PRODUCT_NAME = "$(TARGET_NAME)";
				SWIFT_VERSION = 5.0;
			};
			name = Debug;
		};
		6A9A0500298C089800430218 /* Release */ = {
			isa = XCBuildConfiguration;
			buildSettings = {
				CODE_SIGN_STYLE = Automatic;
				PRODUCT_NAME = "$(TARGET_NAME)";
				SWIFT_VERSION = 5.0;
			};
			name = Release;
		};
		6AB2DD1A298D15DA00C7831C /* Debug */ = {
			isa = XCBuildConfiguration;
			buildSettings = {
				CODE_SIGN_STYLE = Automatic;
				PRODUCT_NAME = "$(TARGET_NAME)";
				SWIFT_VERSION = 5.0;
			};
			name = Debug;
		};
		6AB2DD1B298D15DA00C7831C /* Release */ = {
			isa = XCBuildConfiguration;
			buildSettings = {
				CODE_SIGN_STYLE = Automatic;
				PRODUCT_NAME = "$(TARGET_NAME)";
				SWIFT_VERSION = 5.0;
			};
			name = Release;
		};
		6AB2DD26298D337500C7831C /* Debug */ = {
			isa = XCBuildConfiguration;
			buildSettings = {
				CODE_SIGN_STYLE = Automatic;
				PRODUCT_NAME = "$(TARGET_NAME)";
				SWIFT_VERSION = 5.0;
			};
			name = Debug;
		};
		6AB2DD27298D337500C7831C /* Release */ = {
			isa = XCBuildConfiguration;
			buildSettings = {
				CODE_SIGN_STYLE = Automatic;
				PRODUCT_NAME = "$(TARGET_NAME)";
				SWIFT_VERSION = 5.0;
			};
			name = Release;
		};
		6AB2DD31298D38A400C7831C /* Debug */ = {
			isa = XCBuildConfiguration;
			buildSettings = {
				CODE_SIGN_STYLE = Automatic;
				PRODUCT_NAME = "$(TARGET_NAME)";
				SWIFT_VERSION = 5.0;
			};
			name = Debug;
		};
		6AB2DD32298D38A400C7831C /* Release */ = {
			isa = XCBuildConfiguration;
			buildSettings = {
				CODE_SIGN_STYLE = Automatic;
				PRODUCT_NAME = "$(TARGET_NAME)";
				SWIFT_VERSION = 5.0;
			};
			name = Release;
		};
		6AB2DD3C298D452400C7831C /* Debug */ = {
			isa = XCBuildConfiguration;
			buildSettings = {
				CODE_SIGN_STYLE = Automatic;
				PRODUCT_NAME = "$(TARGET_NAME)";
				SWIFT_VERSION = 5.0;
			};
			name = Debug;
		};
		6AB2DD3D298D452400C7831C /* Release */ = {
			isa = XCBuildConfiguration;
			buildSettings = {
				CODE_SIGN_STYLE = Automatic;
				PRODUCT_NAME = "$(TARGET_NAME)";
				SWIFT_VERSION = 5.0;
			};
			name = Release;
		};
		6AB2DD47298D4C2600C7831C /* Debug */ = {
			isa = XCBuildConfiguration;
			buildSettings = {
				CODE_SIGN_STYLE = Automatic;
				PRODUCT_NAME = "$(TARGET_NAME)";
				SWIFT_VERSION = 5.0;
			};
			name = Debug;
		};
		6AB2DD48298D4C2600C7831C /* Release */ = {
			isa = XCBuildConfiguration;
			buildSettings = {
				CODE_SIGN_STYLE = Automatic;
				PRODUCT_NAME = "$(TARGET_NAME)";
				SWIFT_VERSION = 5.0;
			};
			name = Release;
		};
		6AB2DD7B298D4FDD00C7831C /* Debug */ = {
			isa = XCBuildConfiguration;
			buildSettings = {
				CODE_SIGN_STYLE = Automatic;
				PRODUCT_NAME = "$(TARGET_NAME)";
				SWIFT_VERSION = 5.0;
			};
			name = Debug;
		};
		6AB2DD7C298D4FDD00C7831C /* Release */ = {
			isa = XCBuildConfiguration;
			buildSettings = {
				CODE_SIGN_STYLE = Automatic;
				PRODUCT_NAME = "$(TARGET_NAME)";
				SWIFT_VERSION = 5.0;
			};
			name = Release;
		};
		6AB8175829978170009C0AE8 /* Debug */ = {
			isa = XCBuildConfiguration;
			buildSettings = {
				CODE_SIGN_STYLE = Automatic;
				PRODUCT_NAME = "$(TARGET_NAME)";
				SWIFT_VERSION = 5.0;
			};
			name = Debug;
		};
		6AB8175929978170009C0AE8 /* Release */ = {
			isa = XCBuildConfiguration;
			buildSettings = {
				CODE_SIGN_STYLE = Automatic;
				PRODUCT_NAME = "$(TARGET_NAME)";
				SWIFT_VERSION = 5.0;
			};
			name = Release;
		};
		6AB8176429979A4D009C0AE8 /* Debug */ = {
			isa = XCBuildConfiguration;
			buildSettings = {
				CODE_SIGN_STYLE = Automatic;
				PRODUCT_NAME = "$(TARGET_NAME)";
				SWIFT_VERSION = 5.0;
			};
			name = Debug;
		};
		6AB8176529979A4D009C0AE8 /* Release */ = {
			isa = XCBuildConfiguration;
			buildSettings = {
				CODE_SIGN_STYLE = Automatic;
				PRODUCT_NAME = "$(TARGET_NAME)";
				SWIFT_VERSION = 5.0;
			};
			name = Release;
		};
		6AB8176F2997A201009C0AE8 /* Debug */ = {
			isa = XCBuildConfiguration;
			buildSettings = {
				CODE_SIGN_STYLE = Automatic;
				PRODUCT_NAME = "$(TARGET_NAME)";
				SWIFT_VERSION = 5.0;
			};
			name = Debug;
		};
		6AB817702997A201009C0AE8 /* Release */ = {
			isa = XCBuildConfiguration;
			buildSettings = {
				CODE_SIGN_STYLE = Automatic;
				PRODUCT_NAME = "$(TARGET_NAME)";
				SWIFT_VERSION = 5.0;
			};
			name = Release;
		};
/* End XCBuildConfiguration section */

/* Begin XCConfigurationList section */
		6A2B5897299255B000752F1C /* Build configuration list for PBXNativeTarget "SumOfIntervals4" */ = {
			isa = XCConfigurationList;
			buildConfigurations = (
				6A2B5898299255B000752F1C /* Debug */,
				6A2B5899299255B000752F1C /* Release */,
			);
			defaultConfigurationIsVisible = 0;
			defaultConfigurationName = Release;
		};
		6A2B58A229925C2A00752F1C /* Build configuration list for PBXNativeTarget "FashionKing" */ = {
			isa = XCConfigurationList;
			buildConfigurations = (
				6A2B58A329925C2A00752F1C /* Debug */,
				6A2B58A429925C2A00752F1C /* Release */,
			);
			defaultConfigurationIsVisible = 0;
			defaultConfigurationName = Release;
		};
		6A2B58AD29926C7E00752F1C /* Build configuration list for PBXNativeTarget "QuadTree" */ = {
			isa = XCConfigurationList;
			buildConfigurations = (
				6A2B58AE29926C7E00752F1C /* Debug */,
				6A2B58AF29926C7E00752F1C /* Release */,
			);
			defaultConfigurationIsVisible = 0;
			defaultConfigurationName = Release;
		};
		6A2B58B829928A5500752F1C /* Build configuration list for PBXNativeTarget "ApplePickingGame" */ = {
			isa = XCConfigurationList;
			buildConfigurations = (
				6A2B58B929928A5500752F1C /* Debug */,
				6A2B58BA29928A5500752F1C /* Release */,
			);
			defaultConfigurationIsVisible = 0;
			defaultConfigurationName = Release;
		};
		6A513B94298AA83400CD22D6 /* Build configuration list for PBXNativeTarget "ROT13" */ = {
			isa = XCConfigurationList;
			buildConfigurations = (
				6A513B92298AA83400CD22D6 /* Debug */,
				6A513B93298AA83400CD22D6 /* Release */,
			);
			defaultConfigurationIsVisible = 0;
			defaultConfigurationName = Release;
		};
		6A7350672985580D001F0255 /* Build configuration list for PBXProject "Re-Solve" */ = {
			isa = XCConfigurationList;
			buildConfigurations = (
				6A7350712985580D001F0255 /* Debug */,
				6A7350722985580D001F0255 /* Release */,
			);
			defaultConfigurationIsVisible = 0;
			defaultConfigurationName = Release;
		};
		6A7350732985580D001F0255 /* Build configuration list for PBXNativeTarget "Re-Solve" */ = {
			isa = XCConfigurationList;
			buildConfigurations = (
				6A7350742985580D001F0255 /* Debug */,
				6A7350752985580D001F0255 /* Release */,
			);
			defaultConfigurationIsVisible = 0;
			defaultConfigurationName = Release;
		};
		6A73507E29855836001F0255 /* Build configuration list for PBXNativeTarget "CountingAlphabet" */ = {
			isa = XCConfigurationList;
			buildConfigurations = (
				6A73507F29855836001F0255 /* Debug */,
				6A73508029855836001F0255 /* Release */,
			);
			defaultConfigurationIsVisible = 0;
			defaultConfigurationName = Release;
		};
		6A73508B298561C0001F0255 /* Build configuration list for PBXNativeTarget "TruckParking" */ = {
			isa = XCConfigurationList;
			buildConfigurations = (
				6A735089298561C0001F0255 /* Debug */,
				6A73508A298561C0001F0255 /* Release */,
			);
			defaultConfigurationIsVisible = 0;
			defaultConfigurationName = Release;
		};
		6A73509429856C10001F0255 /* Build configuration list for PBXNativeTarget "BasketBallGame" */ = {
			isa = XCConfigurationList;
			buildConfigurations = (
				6A73509529856C10001F0255 /* Debug */,
				6A73509629856C10001F0255 /* Release */,
			);
			defaultConfigurationIsVisible = 0;
			defaultConfigurationName = Release;
		};
		6A7C4BA5298CC30600B5F6BA /* Build configuration list for PBXNativeTarget "PronouncePassword" */ = {
			isa = XCConfigurationList;
			buildConfigurations = (
				6A7C4BA3298CC30600B5F6BA /* Debug */,
				6A7C4BA4298CC30600B5F6BA /* Release */,
			);
			defaultConfigurationIsVisible = 0;
			defaultConfigurationName = Release;
		};
		6A7C4BAE298CDD2F00B5F6BA /* Build configuration list for PBXNativeTarget "MathHomework" */ = {
			isa = XCConfigurationList;
			buildConfigurations = (
				6A7C4BAF298CDD2F00B5F6BA /* Debug */,
				6A7C4BB0298CDD2F00B5F6BA /* Release */,
			);
			defaultConfigurationIsVisible = 0;
			defaultConfigurationName = Release;
		};
		6A9A04C1298B5FD900430218 /* Build configuration list for PBXNativeTarget "WhenIMissKoreaConnectToServer" */ = {
			isa = XCConfigurationList;
			buildConfigurations = (
				6A9A04BF298B5FD900430218 /* Debug */,
				6A9A04C0298B5FD900430218 /* Release */,
			);
			defaultConfigurationIsVisible = 0;
			defaultConfigurationName = Release;
		};
		6A9A04CA298B708700430218 /* Build configuration list for PBXNativeTarget "PocketmonMasterLee" */ = {
			isa = XCConfigurationList;
			buildConfigurations = (
				6A9A04CB298B708700430218 /* Debug */,
				6A9A04CC298B708700430218 /* Release */,
			);
			defaultConfigurationIsVisible = 0;
			defaultConfigurationName = Release;
		};
		6A9A04EA298B8E7A00430218 /* Build configuration list for PBXNativeTarget "GoodWord" */ = {
			isa = XCConfigurationList;
			buildConfigurations = (
				6A9A04E8298B8E7A00430218 /* Debug */,
				6A9A04E9298B8E7A00430218 /* Release */,
			);
			defaultConfigurationIsVisible = 0;
			defaultConfigurationName = Release;
		};
		6A9A04F5298BFC8000430218 /* Build configuration list for PBXNativeTarget "Multiply" */ = {
			isa = XCConfigurationList;
			buildConfigurations = (
				6A9A04F3298BFC8000430218 /* Debug */,
				6A9A04F4298BFC8000430218 /* Release */,
			);
			defaultConfigurationIsVisible = 0;
			defaultConfigurationName = Release;
		};
		6A9A04FE298C089800430218 /* Build configuration list for PBXNativeTarget "FrequencySort" */ = {
			isa = XCConfigurationList;
			buildConfigurations = (
				6A9A04FF298C089800430218 /* Debug */,
				6A9A0500298C089800430218 /* Release */,
			);
			defaultConfigurationIsVisible = 0;
			defaultConfigurationName = Release;
		};
		6AB2DD1C298D15DA00C7831C /* Build configuration list for PBXNativeTarget "WeatherCaster" */ = {
			isa = XCConfigurationList;
			buildConfigurations = (
				6AB2DD1A298D15DA00C7831C /* Debug */,
				6AB2DD1B298D15DA00C7831C /* Release */,
			);
			defaultConfigurationIsVisible = 0;
			defaultConfigurationName = Release;
		};
		6AB2DD25298D337500C7831C /* Build configuration list for PBXNativeTarget "ProfessorHyunwoo" */ = {
			isa = XCConfigurationList;
			buildConfigurations = (
				6AB2DD26298D337500C7831C /* Debug */,
				6AB2DD27298D337500C7831C /* Release */,
			);
			defaultConfigurationIsVisible = 0;
			defaultConfigurationName = Release;
		};
		6AB2DD30298D38A400C7831C /* Build configuration list for PBXNativeTarget "One" */ = {
			isa = XCConfigurationList;
			buildConfigurations = (
				6AB2DD31298D38A400C7831C /* Debug */,
				6AB2DD32298D38A400C7831C /* Release */,
			);
			defaultConfigurationIsVisible = 0;
			defaultConfigurationName = Release;
		};
		6AB2DD3B298D452400C7831C /* Build configuration list for PBXNativeTarget "NBABasketBall" */ = {
			isa = XCConfigurationList;
			buildConfigurations = (
				6AB2DD3C298D452400C7831C /* Debug */,
				6AB2DD3D298D452400C7831C /* Release */,
			);
			defaultConfigurationIsVisible = 0;
			defaultConfigurationName = Release;
		};
		6AB2DD46298D4C2600C7831C /* Build configuration list for PBXNativeTarget "BreakEvenPoint" */ = {
			isa = XCConfigurationList;
			buildConfigurations = (
				6AB2DD47298D4C2600C7831C /* Debug */,
				6AB2DD48298D4C2600C7831C /* Release */,
			);
			defaultConfigurationIsVisible = 0;
			defaultConfigurationName = Release;
		};
		6AB2DD7D298D4FDD00C7831C /* Build configuration list for PBXNativeTarget "Sequence" */ = {
			isa = XCConfigurationList;
			buildConfigurations = (
				6AB2DD7B298D4FDD00C7831C /* Debug */,
				6AB2DD7C298D4FDD00C7831C /* Release */,
			);
			defaultConfigurationIsVisible = 0;
			defaultConfigurationName = Release;
		};
		6AB8175A29978170009C0AE8 /* Build configuration list for PBXNativeTarget "RightBiggerNumber" */ = {
			isa = XCConfigurationList;
			buildConfigurations = (
				6AB8175829978170009C0AE8 /* Debug */,
				6AB8175929978170009C0AE8 /* Release */,
			);
			defaultConfigurationIsVisible = 0;
			defaultConfigurationName = Release;
		};
		6AB8176329979A4D009C0AE8 /* Build configuration list for PBXNativeTarget "DirectorShhom" */ = {
			isa = XCConfigurationList;
			buildConfigurations = (
				6AB8176429979A4D009C0AE8 /* Debug */,
				6AB8176529979A4D009C0AE8 /* Release */,
			);
			defaultConfigurationIsVisible = 0;
			defaultConfigurationName = Release;
		};
		6AB8176E2997A201009C0AE8 /* Build configuration list for PBXNativeTarget "ChickenDelivery" */ = {
			isa = XCConfigurationList;
			buildConfigurations = (
				6AB8176F2997A201009C0AE8 /* Debug */,
				6AB817702997A201009C0AE8 /* Release */,
			);
			defaultConfigurationIsVisible = 0;
			defaultConfigurationName = Release;
		};
/* End XCConfigurationList section */
	};
	rootObject = 6A7350642985580D001F0255 /* Project object */;
}
