// !$*UTF8*$!
{
	archiveVersion = 1;
	classes = {
	};
	objectVersion = 56;
	objects = {

/* Begin PBXBuildFile section */
		6A513B91298AA83400CD22D6 /* main.swift in Sources */ = {isa = PBXBuildFile; fileRef = 6A513B90298AA83400CD22D6 /* main.swift */; };
		6A7350702985580D001F0255 /* main.swift in Sources */ = {isa = PBXBuildFile; fileRef = 6A73506F2985580D001F0255 /* main.swift */; };
		6A73507D29855836001F0255 /* main.swift in Sources */ = {isa = PBXBuildFile; fileRef = 6A73507C29855836001F0255 /* main.swift */; };
		6A735088298561C0001F0255 /* main.swift in Sources */ = {isa = PBXBuildFile; fileRef = 6A735087298561C0001F0255 /* main.swift */; };
		6A73509329856C10001F0255 /* main.swift in Sources */ = {isa = PBXBuildFile; fileRef = 6A73509229856C10001F0255 /* main.swift */; };
		6A9A04BE298B5FD900430218 /* main.swift in Sources */ = {isa = PBXBuildFile; fileRef = 6A9A04BD298B5FD900430218 /* main.swift */; };
		6A9A04C9298B708700430218 /* main.swift in Sources */ = {isa = PBXBuildFile; fileRef = 6A9A04C8298B708700430218 /* main.swift */; };
/* End PBXBuildFile section */

/* Begin PBXCopyFilesBuildPhase section */
		6A513B8C298AA83400CD22D6 /* CopyFiles */ = {
			isa = PBXCopyFilesBuildPhase;
			buildActionMask = 2147483647;
			dstPath = /usr/share/man/man1/;
			dstSubfolderSpec = 0;
			files = (
			);
			runOnlyForDeploymentPostprocessing = 1;
		};
		6A73506A2985580D001F0255 /* CopyFiles */ = {
			isa = PBXCopyFilesBuildPhase;
			buildActionMask = 2147483647;
			dstPath = /usr/share/man/man1/;
			dstSubfolderSpec = 0;
			files = (
			);
			runOnlyForDeploymentPostprocessing = 1;
		};
		6A73507829855836001F0255 /* CopyFiles */ = {
			isa = PBXCopyFilesBuildPhase;
			buildActionMask = 2147483647;
			dstPath = /usr/share/man/man1/;
			dstSubfolderSpec = 0;
			files = (
			);
			runOnlyForDeploymentPostprocessing = 1;
		};
		6A735083298561C0001F0255 /* CopyFiles */ = {
			isa = PBXCopyFilesBuildPhase;
			buildActionMask = 2147483647;
			dstPath = /usr/share/man/man1/;
			dstSubfolderSpec = 0;
			files = (
			);
			runOnlyForDeploymentPostprocessing = 1;
		};
		6A73508E29856C10001F0255 /* CopyFiles */ = {
			isa = PBXCopyFilesBuildPhase;
			buildActionMask = 2147483647;
			dstPath = /usr/share/man/man1/;
			dstSubfolderSpec = 0;
			files = (
			);
			runOnlyForDeploymentPostprocessing = 1;
		};
		6A9A04B9298B5FD900430218 /* CopyFiles */ = {
			isa = PBXCopyFilesBuildPhase;
			buildActionMask = 2147483647;
			dstPath = /usr/share/man/man1/;
			dstSubfolderSpec = 0;
			files = (
			);
			runOnlyForDeploymentPostprocessing = 1;
		};
		6A9A04C4298B708700430218 /* CopyFiles */ = {
			isa = PBXCopyFilesBuildPhase;
			buildActionMask = 2147483647;
			dstPath = /usr/share/man/man1/;
			dstSubfolderSpec = 0;
			files = (
			);
			runOnlyForDeploymentPostprocessing = 1;
		};
/* End PBXCopyFilesBuildPhase section */

/* Begin PBXFileReference section */
		6A513B8E298AA83400CD22D6 /* ROT13 */ = {isa = PBXFileReference; explicitFileType = "compiled.mach-o.executable"; includeInIndex = 0; path = ROT13; sourceTree = BUILT_PRODUCTS_DIR; };
		6A513B90298AA83400CD22D6 /* main.swift */ = {isa = PBXFileReference; lastKnownFileType = sourcecode.swift; path = main.swift; sourceTree = "<group>"; };
		6A73506C2985580D001F0255 /* Re-Solve */ = {isa = PBXFileReference; explicitFileType = "compiled.mach-o.executable"; includeInIndex = 0; path = "Re-Solve"; sourceTree = BUILT_PRODUCTS_DIR; };
		6A73506F2985580D001F0255 /* main.swift */ = {isa = PBXFileReference; lastKnownFileType = sourcecode.swift; path = main.swift; sourceTree = "<group>"; };
		6A73507A29855836001F0255 /* CountingAlphabet */ = {isa = PBXFileReference; explicitFileType = "compiled.mach-o.executable"; includeInIndex = 0; path = CountingAlphabet; sourceTree = BUILT_PRODUCTS_DIR; };
		6A73507C29855836001F0255 /* main.swift */ = {isa = PBXFileReference; lastKnownFileType = sourcecode.swift; path = main.swift; sourceTree = "<group>"; };
		6A735085298561C0001F0255 /* TruckParking */ = {isa = PBXFileReference; explicitFileType = "compiled.mach-o.executable"; includeInIndex = 0; path = TruckParking; sourceTree = BUILT_PRODUCTS_DIR; };
		6A735087298561C0001F0255 /* main.swift */ = {isa = PBXFileReference; lastKnownFileType = sourcecode.swift; path = main.swift; sourceTree = "<group>"; };
		6A73509029856C10001F0255 /* BasketBallGame */ = {isa = PBXFileReference; explicitFileType = "compiled.mach-o.executable"; includeInIndex = 0; path = BasketBallGame; sourceTree = BUILT_PRODUCTS_DIR; };
		6A73509229856C10001F0255 /* main.swift */ = {isa = PBXFileReference; lastKnownFileType = sourcecode.swift; path = main.swift; sourceTree = "<group>"; };
		6A9A04BB298B5FD900430218 /* WhenIMissKoreaConnectToServer */ = {isa = PBXFileReference; explicitFileType = "compiled.mach-o.executable"; includeInIndex = 0; path = WhenIMissKoreaConnectToServer; sourceTree = BUILT_PRODUCTS_DIR; };
		6A9A04BD298B5FD900430218 /* main.swift */ = {isa = PBXFileReference; lastKnownFileType = sourcecode.swift; path = main.swift; sourceTree = "<group>"; };
		6A9A04C6298B708700430218 /* PocketmonMasterLee */ = {isa = PBXFileReference; explicitFileType = "compiled.mach-o.executable"; includeInIndex = 0; path = PocketmonMasterLee; sourceTree = BUILT_PRODUCTS_DIR; };
		6A9A04C8298B708700430218 /* main.swift */ = {isa = PBXFileReference; lastKnownFileType = sourcecode.swift; path = main.swift; sourceTree = "<group>"; };
/* End PBXFileReference section */

/* Begin PBXFrameworksBuildPhase section */
		6A513B8B298AA83400CD22D6 /* Frameworks */ = {
			isa = PBXFrameworksBuildPhase;
			buildActionMask = 2147483647;
			files = (
			);
			runOnlyForDeploymentPostprocessing = 0;
		};
		6A7350692985580D001F0255 /* Frameworks */ = {
			isa = PBXFrameworksBuildPhase;
			buildActionMask = 2147483647;
			files = (
			);
			runOnlyForDeploymentPostprocessing = 0;
		};
		6A73507729855836001F0255 /* Frameworks */ = {
			isa = PBXFrameworksBuildPhase;
			buildActionMask = 2147483647;
			files = (
			);
			runOnlyForDeploymentPostprocessing = 0;
		};
		6A735082298561C0001F0255 /* Frameworks */ = {
			isa = PBXFrameworksBuildPhase;
			buildActionMask = 2147483647;
			files = (
			);
			runOnlyForDeploymentPostprocessing = 0;
		};
		6A73508D29856C10001F0255 /* Frameworks */ = {
			isa = PBXFrameworksBuildPhase;
			buildActionMask = 2147483647;
			files = (
			);
			runOnlyForDeploymentPostprocessing = 0;
		};
		6A9A04B8298B5FD900430218 /* Frameworks */ = {
			isa = PBXFrameworksBuildPhase;
			buildActionMask = 2147483647;
			files = (
			);
			runOnlyForDeploymentPostprocessing = 0;
		};
		6A9A04C3298B708700430218 /* Frameworks */ = {
			isa = PBXFrameworksBuildPhase;
			buildActionMask = 2147483647;
			files = (
			);
			runOnlyForDeploymentPostprocessing = 0;
		};
/* End PBXFrameworksBuildPhase section */

/* Begin PBXGroup section */
		6A513B8F298AA83400CD22D6 /* ROT13 */ = {
			isa = PBXGroup;
			children = (
				6A513B90298AA83400CD22D6 /* main.swift */,
			);
			path = ROT13;
			sourceTree = "<group>";
		};
		6A7350632985580D001F0255 = {
			isa = PBXGroup;
			children = (
				6A73506E2985580D001F0255 /* Re-Solve */,
				6A73507B29855836001F0255 /* CountingAlphabet */,
				6A735086298561C0001F0255 /* TruckParking */,
				6A73509129856C10001F0255 /* BasketBallGame */,
				6A513B8F298AA83400CD22D6 /* ROT13 */,
				6A9A04BC298B5FD900430218 /* WhenIMissKoreaConnectToServer */,
				6A9A04C7298B708700430218 /* PocketmonMasterLee */,
				6A73506D2985580D001F0255 /* Products */,
			);
			sourceTree = "<group>";
		};
		6A73506D2985580D001F0255 /* Products */ = {
			isa = PBXGroup;
			children = (
				6A73506C2985580D001F0255 /* Re-Solve */,
				6A73507A29855836001F0255 /* CountingAlphabet */,
				6A735085298561C0001F0255 /* TruckParking */,
				6A73509029856C10001F0255 /* BasketBallGame */,
				6A513B8E298AA83400CD22D6 /* ROT13 */,
				6A9A04BB298B5FD900430218 /* WhenIMissKoreaConnectToServer */,
				6A9A04C6298B708700430218 /* PocketmonMasterLee */,
			);
			name = Products;
			sourceTree = "<group>";
		};
		6A73506E2985580D001F0255 /* Re-Solve */ = {
			isa = PBXGroup;
			children = (
				6A73506F2985580D001F0255 /* main.swift */,
			);
			path = "Re-Solve";
			sourceTree = "<group>";
		};
		6A73507B29855836001F0255 /* CountingAlphabet */ = {
			isa = PBXGroup;
			children = (
				6A73507C29855836001F0255 /* main.swift */,
			);
			path = CountingAlphabet;
			sourceTree = "<group>";
		};
		6A735086298561C0001F0255 /* TruckParking */ = {
			isa = PBXGroup;
			children = (
				6A735087298561C0001F0255 /* main.swift */,
			);
			path = TruckParking;
			sourceTree = "<group>";
		};
		6A73509129856C10001F0255 /* BasketBallGame */ = {
			isa = PBXGroup;
			children = (
				6A73509229856C10001F0255 /* main.swift */,
			);
			path = BasketBallGame;
			sourceTree = "<group>";
		};
		6A9A04BC298B5FD900430218 /* WhenIMissKoreaConnectToServer */ = {
			isa = PBXGroup;
			children = (
				6A9A04BD298B5FD900430218 /* main.swift */,
			);
			path = WhenIMissKoreaConnectToServer;
			sourceTree = "<group>";
		};
		6A9A04C7298B708700430218 /* PocketmonMasterLee */ = {
			isa = PBXGroup;
			children = (
				6A9A04C8298B708700430218 /* main.swift */,
			);
			path = PocketmonMasterLee;
			sourceTree = "<group>";
		};
/* End PBXGroup section */

/* Begin PBXNativeTarget section */
		6A513B8D298AA83400CD22D6 /* ROT13 */ = {
			isa = PBXNativeTarget;
			buildConfigurationList = 6A513B94298AA83400CD22D6 /* Build configuration list for PBXNativeTarget "ROT13" */;
			buildPhases = (
				6A513B8A298AA83400CD22D6 /* Sources */,
				6A513B8B298AA83400CD22D6 /* Frameworks */,
				6A513B8C298AA83400CD22D6 /* CopyFiles */,
			);
			buildRules = (
			);
			dependencies = (
			);
			name = ROT13;
			productName = ROT13;
			productReference = 6A513B8E298AA83400CD22D6 /* ROT13 */;
			productType = "com.apple.product-type.tool";
		};
		6A73506B2985580D001F0255 /* Re-Solve */ = {
			isa = PBXNativeTarget;
			buildConfigurationList = 6A7350732985580D001F0255 /* Build configuration list for PBXNativeTarget "Re-Solve" */;
			buildPhases = (
				6A7350682985580D001F0255 /* Sources */,
				6A7350692985580D001F0255 /* Frameworks */,
				6A73506A2985580D001F0255 /* CopyFiles */,
			);
			buildRules = (
			);
			dependencies = (
			);
			name = "Re-Solve";
			productName = "Re-Solve";
			productReference = 6A73506C2985580D001F0255 /* Re-Solve */;
			productType = "com.apple.product-type.tool";
		};
		6A73507929855836001F0255 /* CountingAlphabet */ = {
			isa = PBXNativeTarget;
			buildConfigurationList = 6A73507E29855836001F0255 /* Build configuration list for PBXNativeTarget "CountingAlphabet" */;
			buildPhases = (
				6A73507629855836001F0255 /* Sources */,
				6A73507729855836001F0255 /* Frameworks */,
				6A73507829855836001F0255 /* CopyFiles */,
			);
			buildRules = (
			);
			dependencies = (
			);
			name = CountingAlphabet;
			productName = CountingAlphabet;
			productReference = 6A73507A29855836001F0255 /* CountingAlphabet */;
			productType = "com.apple.product-type.tool";
		};
		6A735084298561C0001F0255 /* TruckParking */ = {
			isa = PBXNativeTarget;
			buildConfigurationList = 6A73508B298561C0001F0255 /* Build configuration list for PBXNativeTarget "TruckParking" */;
			buildPhases = (
				6A735081298561C0001F0255 /* Sources */,
				6A735082298561C0001F0255 /* Frameworks */,
				6A735083298561C0001F0255 /* CopyFiles */,
			);
			buildRules = (
			);
			dependencies = (
			);
			name = TruckParking;
			productName = TruckParking;
			productReference = 6A735085298561C0001F0255 /* TruckParking */;
			productType = "com.apple.product-type.tool";
		};
		6A73508F29856C10001F0255 /* BasketBallGame */ = {
			isa = PBXNativeTarget;
			buildConfigurationList = 6A73509429856C10001F0255 /* Build configuration list for PBXNativeTarget "BasketBallGame" */;
			buildPhases = (
				6A73508C29856C10001F0255 /* Sources */,
				6A73508D29856C10001F0255 /* Frameworks */,
				6A73508E29856C10001F0255 /* CopyFiles */,
			);
			buildRules = (
			);
			dependencies = (
			);
			name = BasketBallGame;
			productName = BasketBallGame;
			productReference = 6A73509029856C10001F0255 /* BasketBallGame */;
			productType = "com.apple.product-type.tool";
		};
		6A9A04BA298B5FD900430218 /* WhenIMissKoreaConnectToServer */ = {
			isa = PBXNativeTarget;
			buildConfigurationList = 6A9A04C1298B5FD900430218 /* Build configuration list for PBXNativeTarget "WhenIMissKoreaConnectToServer" */;
			buildPhases = (
				6A9A04B7298B5FD900430218 /* Sources */,
				6A9A04B8298B5FD900430218 /* Frameworks */,
				6A9A04B9298B5FD900430218 /* CopyFiles */,
			);
			buildRules = (
			);
			dependencies = (
			);
			name = WhenIMissKoreaConnectToServer;
			productName = WhenIMissKoreaConnectToServer;
			productReference = 6A9A04BB298B5FD900430218 /* WhenIMissKoreaConnectToServer */;
			productType = "com.apple.product-type.tool";
		};
		6A9A04C5298B708700430218 /* PocketmonMasterLee */ = {
			isa = PBXNativeTarget;
			buildConfigurationList = 6A9A04CA298B708700430218 /* Build configuration list for PBXNativeTarget "PocketmonMasterLee" */;
			buildPhases = (
				6A9A04C2298B708700430218 /* Sources */,
				6A9A04C3298B708700430218 /* Frameworks */,
				6A9A04C4298B708700430218 /* CopyFiles */,
			);
			buildRules = (
			);
			dependencies = (
			);
			name = PocketmonMasterLee;
			productName = PocketmonMasterLee;
			productReference = 6A9A04C6298B708700430218 /* PocketmonMasterLee */;
			productType = "com.apple.product-type.tool";
		};
/* End PBXNativeTarget section */

/* Begin PBXProject section */
		6A7350642985580D001F0255 /* Project object */ = {
			isa = PBXProject;
			attributes = {
				BuildIndependentTargetsInParallel = 1;
				LastSwiftUpdateCheck = 1420;
				LastUpgradeCheck = 1420;
				TargetAttributes = {
					6A513B8D298AA83400CD22D6 = {
						CreatedOnToolsVersion = 14.2;
					};
					6A73506B2985580D001F0255 = {
						CreatedOnToolsVersion = 14.2;
					};
					6A73507929855836001F0255 = {
						CreatedOnToolsVersion = 14.2;
					};
					6A735084298561C0001F0255 = {
						CreatedOnToolsVersion = 14.2;
					};
					6A73508F29856C10001F0255 = {
						CreatedOnToolsVersion = 14.2;
					};
					6A9A04BA298B5FD900430218 = {
						CreatedOnToolsVersion = 14.2;
					};
					6A9A04C5298B708700430218 = {
						CreatedOnToolsVersion = 14.2;
					};
				};
			};
			buildConfigurationList = 6A7350672985580D001F0255 /* Build configuration list for PBXProject "Re-Solve" */;
			compatibilityVersion = "Xcode 14.0";
			developmentRegion = en;
			hasScannedForEncodings = 0;
			knownRegions = (
				en,
				Base,
			);
			mainGroup = 6A7350632985580D001F0255;
			productRefGroup = 6A73506D2985580D001F0255 /* Products */;
			projectDirPath = "";
			projectRoot = "";
			targets = (
				6A73506B2985580D001F0255 /* Re-Solve */,
				6A73507929855836001F0255 /* CountingAlphabet */,
				6A735084298561C0001F0255 /* TruckParking */,
				6A73508F29856C10001F0255 /* BasketBallGame */,
				6A513B8D298AA83400CD22D6 /* ROT13 */,
				6A9A04BA298B5FD900430218 /* WhenIMissKoreaConnectToServer */,
				6A9A04C5298B708700430218 /* PocketmonMasterLee */,
			);
		};
/* End PBXProject section */

/* Begin PBXSourcesBuildPhase section */
		6A513B8A298AA83400CD22D6 /* Sources */ = {
			isa = PBXSourcesBuildPhase;
			buildActionMask = 2147483647;
			files = (
				6A513B91298AA83400CD22D6 /* main.swift in Sources */,
			);
			runOnlyForDeploymentPostprocessing = 0;
		};
		6A7350682985580D001F0255 /* Sources */ = {
			isa = PBXSourcesBuildPhase;
			buildActionMask = 2147483647;
			files = (
				6A7350702985580D001F0255 /* main.swift in Sources */,
			);
			runOnlyForDeploymentPostprocessing = 0;
		};
		6A73507629855836001F0255 /* Sources */ = {
			isa = PBXSourcesBuildPhase;
			buildActionMask = 2147483647;
			files = (
				6A73507D29855836001F0255 /* main.swift in Sources */,
			);
			runOnlyForDeploymentPostprocessing = 0;
		};
		6A735081298561C0001F0255 /* Sources */ = {
			isa = PBXSourcesBuildPhase;
			buildActionMask = 2147483647;
			files = (
				6A735088298561C0001F0255 /* main.swift in Sources */,
			);
			runOnlyForDeploymentPostprocessing = 0;
		};
		6A73508C29856C10001F0255 /* Sources */ = {
			isa = PBXSourcesBuildPhase;
			buildActionMask = 2147483647;
			files = (
				6A73509329856C10001F0255 /* main.swift in Sources */,
			);
			runOnlyForDeploymentPostprocessing = 0;
		};
		6A9A04B7298B5FD900430218 /* Sources */ = {
			isa = PBXSourcesBuildPhase;
			buildActionMask = 2147483647;
			files = (
				6A9A04BE298B5FD900430218 /* main.swift in Sources */,
			);
			runOnlyForDeploymentPostprocessing = 0;
		};
		6A9A04C2298B708700430218 /* Sources */ = {
			isa = PBXSourcesBuildPhase;
			buildActionMask = 2147483647;
			files = (
				6A9A04C9298B708700430218 /* main.swift in Sources */,
			);
			runOnlyForDeploymentPostprocessing = 0;
		};
/* End PBXSourcesBuildPhase section */

/* Begin XCBuildConfiguration section */
		6A513B92298AA83400CD22D6 /* Debug */ = {
			isa = XCBuildConfiguration;
			buildSettings = {
				CODE_SIGN_STYLE = Automatic;
				PRODUCT_NAME = "$(TARGET_NAME)";
				SWIFT_VERSION = 5.0;
			};
			name = Debug;
		};
		6A513B93298AA83400CD22D6 /* Release */ = {
			isa = XCBuildConfiguration;
			buildSettings = {
				CODE_SIGN_STYLE = Automatic;
				PRODUCT_NAME = "$(TARGET_NAME)";
				SWIFT_VERSION = 5.0;
			};
			name = Release;
		};
		6A7350712985580D001F0255 /* Debug */ = {
			isa = XCBuildConfiguration;
			buildSettings = {
				ALWAYS_SEARCH_USER_PATHS = NO;
				CLANG_ANALYZER_NONNULL = YES;
				CLANG_ANALYZER_NUMBER_OBJECT_CONVERSION = YES_AGGRESSIVE;
				CLANG_CXX_LANGUAGE_STANDARD = "gnu++20";
				CLANG_ENABLE_MODULES = YES;
				CLANG_ENABLE_OBJC_ARC = YES;
				CLANG_ENABLE_OBJC_WEAK = YES;
				CLANG_WARN_BLOCK_CAPTURE_AUTORELEASING = YES;
				CLANG_WARN_BOOL_CONVERSION = YES;
				CLANG_WARN_COMMA = YES;
				CLANG_WARN_CONSTANT_CONVERSION = YES;
				CLANG_WARN_DEPRECATED_OBJC_IMPLEMENTATIONS = YES;
				CLANG_WARN_DIRECT_OBJC_ISA_USAGE = YES_ERROR;
				CLANG_WARN_DOCUMENTATION_COMMENTS = YES;
				CLANG_WARN_EMPTY_BODY = YES;
				CLANG_WARN_ENUM_CONVERSION = YES;
				CLANG_WARN_INFINITE_RECURSION = YES;
				CLANG_WARN_INT_CONVERSION = YES;
				CLANG_WARN_NON_LITERAL_NULL_CONVERSION = YES;
				CLANG_WARN_OBJC_IMPLICIT_RETAIN_SELF = YES;
				CLANG_WARN_OBJC_LITERAL_CONVERSION = YES;
				CLANG_WARN_OBJC_ROOT_CLASS = YES_ERROR;
				CLANG_WARN_QUOTED_INCLUDE_IN_FRAMEWORK_HEADER = YES;
				CLANG_WARN_RANGE_LOOP_ANALYSIS = YES;
				CLANG_WARN_STRICT_PROTOTYPES = YES;
				CLANG_WARN_SUSPICIOUS_MOVE = YES;
				CLANG_WARN_UNGUARDED_AVAILABILITY = YES_AGGRESSIVE;
				CLANG_WARN_UNREACHABLE_CODE = YES;
				CLANG_WARN__DUPLICATE_METHOD_MATCH = YES;
				COPY_PHASE_STRIP = NO;
				DEBUG_INFORMATION_FORMAT = dwarf;
				ENABLE_STRICT_OBJC_MSGSEND = YES;
				ENABLE_TESTABILITY = YES;
				GCC_C_LANGUAGE_STANDARD = gnu11;
				GCC_DYNAMIC_NO_PIC = NO;
				GCC_NO_COMMON_BLOCKS = YES;
				GCC_OPTIMIZATION_LEVEL = 0;
				GCC_PREPROCESSOR_DEFINITIONS = (
					"DEBUG=1",
					"$(inherited)",
				);
				GCC_WARN_64_TO_32_BIT_CONVERSION = YES;
				GCC_WARN_ABOUT_RETURN_TYPE = YES_ERROR;
				GCC_WARN_UNDECLARED_SELECTOR = YES;
				GCC_WARN_UNINITIALIZED_AUTOS = YES_AGGRESSIVE;
				GCC_WARN_UNUSED_FUNCTION = YES;
				GCC_WARN_UNUSED_VARIABLE = YES;
				MACOSX_DEPLOYMENT_TARGET = 13.1;
				MTL_ENABLE_DEBUG_INFO = INCLUDE_SOURCE;
				MTL_FAST_MATH = YES;
				ONLY_ACTIVE_ARCH = YES;
				SDKROOT = macosx;
				SWIFT_ACTIVE_COMPILATION_CONDITIONS = DEBUG;
				SWIFT_OPTIMIZATION_LEVEL = "-Onone";
			};
			name = Debug;
		};
		6A7350722985580D001F0255 /* Release */ = {
			isa = XCBuildConfiguration;
			buildSettings = {
				ALWAYS_SEARCH_USER_PATHS = NO;
				CLANG_ANALYZER_NONNULL = YES;
				CLANG_ANALYZER_NUMBER_OBJECT_CONVERSION = YES_AGGRESSIVE;
				CLANG_CXX_LANGUAGE_STANDARD = "gnu++20";
				CLANG_ENABLE_MODULES = YES;
				CLANG_ENABLE_OBJC_ARC = YES;
				CLANG_ENABLE_OBJC_WEAK = YES;
				CLANG_WARN_BLOCK_CAPTURE_AUTORELEASING = YES;
				CLANG_WARN_BOOL_CONVERSION = YES;
				CLANG_WARN_COMMA = YES;
				CLANG_WARN_CONSTANT_CONVERSION = YES;
				CLANG_WARN_DEPRECATED_OBJC_IMPLEMENTATIONS = YES;
				CLANG_WARN_DIRECT_OBJC_ISA_USAGE = YES_ERROR;
				CLANG_WARN_DOCUMENTATION_COMMENTS = YES;
				CLANG_WARN_EMPTY_BODY = YES;
				CLANG_WARN_ENUM_CONVERSION = YES;
				CLANG_WARN_INFINITE_RECURSION = YES;
				CLANG_WARN_INT_CONVERSION = YES;
				CLANG_WARN_NON_LITERAL_NULL_CONVERSION = YES;
				CLANG_WARN_OBJC_IMPLICIT_RETAIN_SELF = YES;
				CLANG_WARN_OBJC_LITERAL_CONVERSION = YES;
				CLANG_WARN_OBJC_ROOT_CLASS = YES_ERROR;
				CLANG_WARN_QUOTED_INCLUDE_IN_FRAMEWORK_HEADER = YES;
				CLANG_WARN_RANGE_LOOP_ANALYSIS = YES;
				CLANG_WARN_STRICT_PROTOTYPES = YES;
				CLANG_WARN_SUSPICIOUS_MOVE = YES;
				CLANG_WARN_UNGUARDED_AVAILABILITY = YES_AGGRESSIVE;
				CLANG_WARN_UNREACHABLE_CODE = YES;
				CLANG_WARN__DUPLICATE_METHOD_MATCH = YES;
				COPY_PHASE_STRIP = NO;
				DEBUG_INFORMATION_FORMAT = "dwarf-with-dsym";
				ENABLE_NS_ASSERTIONS = NO;
				ENABLE_STRICT_OBJC_MSGSEND = YES;
				GCC_C_LANGUAGE_STANDARD = gnu11;
				GCC_NO_COMMON_BLOCKS = YES;
				GCC_WARN_64_TO_32_BIT_CONVERSION = YES;
				GCC_WARN_ABOUT_RETURN_TYPE = YES_ERROR;
				GCC_WARN_UNDECLARED_SELECTOR = YES;
				GCC_WARN_UNINITIALIZED_AUTOS = YES_AGGRESSIVE;
				GCC_WARN_UNUSED_FUNCTION = YES;
				GCC_WARN_UNUSED_VARIABLE = YES;
				MACOSX_DEPLOYMENT_TARGET = 13.1;
				MTL_ENABLE_DEBUG_INFO = NO;
				MTL_FAST_MATH = YES;
				SDKROOT = macosx;
				SWIFT_COMPILATION_MODE = wholemodule;
				SWIFT_OPTIMIZATION_LEVEL = "-O";
			};
			name = Release;
		};
		6A7350742985580D001F0255 /* Debug */ = {
			isa = XCBuildConfiguration;
			buildSettings = {
				CODE_SIGN_STYLE = Automatic;
				PRODUCT_NAME = "$(TARGET_NAME)";
				SWIFT_VERSION = 5.0;
			};
			name = Debug;
		};
		6A7350752985580D001F0255 /* Release */ = {
			isa = XCBuildConfiguration;
			buildSettings = {
				CODE_SIGN_STYLE = Automatic;
				PRODUCT_NAME = "$(TARGET_NAME)";
				SWIFT_VERSION = 5.0;
			};
			name = Release;
		};
		6A73507F29855836001F0255 /* Debug */ = {
			isa = XCBuildConfiguration;
			buildSettings = {
				CODE_SIGN_STYLE = Automatic;
				PRODUCT_NAME = "$(TARGET_NAME)";
				SWIFT_VERSION = 5.0;
			};
			name = Debug;
		};
		6A73508029855836001F0255 /* Release */ = {
			isa = XCBuildConfiguration;
			buildSettings = {
				CODE_SIGN_STYLE = Automatic;
				PRODUCT_NAME = "$(TARGET_NAME)";
				SWIFT_VERSION = 5.0;
			};
			name = Release;
		};
		6A735089298561C0001F0255 /* Debug */ = {
			isa = XCBuildConfiguration;
			buildSettings = {
				CODE_SIGN_STYLE = Automatic;
				PRODUCT_NAME = "$(TARGET_NAME)";
				SWIFT_VERSION = 5.0;
			};
			name = Debug;
		};
		6A73508A298561C0001F0255 /* Release */ = {
			isa = XCBuildConfiguration;
			buildSettings = {
				CODE_SIGN_STYLE = Automatic;
				PRODUCT_NAME = "$(TARGET_NAME)";
				SWIFT_VERSION = 5.0;
			};
			name = Release;
		};
		6A73509529856C10001F0255 /* Debug */ = {
			isa = XCBuildConfiguration;
			buildSettings = {
				CODE_SIGN_STYLE = Automatic;
				PRODUCT_NAME = "$(TARGET_NAME)";
				SWIFT_VERSION = 5.0;
			};
			name = Debug;
		};
		6A73509629856C10001F0255 /* Release */ = {
			isa = XCBuildConfiguration;
			buildSettings = {
				CODE_SIGN_STYLE = Automatic;
				PRODUCT_NAME = "$(TARGET_NAME)";
				SWIFT_VERSION = 5.0;
			};
			name = Release;
		};
		6A9A04BF298B5FD900430218 /* Debug */ = {
			isa = XCBuildConfiguration;
			buildSettings = {
				CODE_SIGN_STYLE = Automatic;
				PRODUCT_NAME = "$(TARGET_NAME)";
				SWIFT_VERSION = 5.0;
			};
			name = Debug;
		};
		6A9A04C0298B5FD900430218 /* Release */ = {
			isa = XCBuildConfiguration;
			buildSettings = {
				CODE_SIGN_STYLE = Automatic;
				PRODUCT_NAME = "$(TARGET_NAME)";
				SWIFT_VERSION = 5.0;
			};
			name = Release;
		};
		6A9A04CB298B708700430218 /* Debug */ = {
			isa = XCBuildConfiguration;
			buildSettings = {
				CODE_SIGN_STYLE = Automatic;
				PRODUCT_NAME = "$(TARGET_NAME)";
				SWIFT_VERSION = 5.0;
			};
			name = Debug;
		};
		6A9A04CC298B708700430218 /* Release */ = {
			isa = XCBuildConfiguration;
			buildSettings = {
				CODE_SIGN_STYLE = Automatic;
				PRODUCT_NAME = "$(TARGET_NAME)";
				SWIFT_VERSION = 5.0;
			};
			name = Release;
		};
/* End XCBuildConfiguration section */

/* Begin XCConfigurationList section */
		6A513B94298AA83400CD22D6 /* Build configuration list for PBXNativeTarget "ROT13" */ = {
			isa = XCConfigurationList;
			buildConfigurations = (
				6A513B92298AA83400CD22D6 /* Debug */,
				6A513B93298AA83400CD22D6 /* Release */,
			);
			defaultConfigurationIsVisible = 0;
			defaultConfigurationName = Release;
		};
		6A7350672985580D001F0255 /* Build configuration list for PBXProject "Re-Solve" */ = {
			isa = XCConfigurationList;
			buildConfigurations = (
				6A7350712985580D001F0255 /* Debug */,
				6A7350722985580D001F0255 /* Release */,
			);
			defaultConfigurationIsVisible = 0;
			defaultConfigurationName = Release;
		};
		6A7350732985580D001F0255 /* Build configuration list for PBXNativeTarget "Re-Solve" */ = {
			isa = XCConfigurationList;
			buildConfigurations = (
				6A7350742985580D001F0255 /* Debug */,
				6A7350752985580D001F0255 /* Release */,
			);
			defaultConfigurationIsVisible = 0;
			defaultConfigurationName = Release;
		};
		6A73507E29855836001F0255 /* Build configuration list for PBXNativeTarget "CountingAlphabet" */ = {
			isa = XCConfigurationList;
			buildConfigurations = (
				6A73507F29855836001F0255 /* Debug */,
				6A73508029855836001F0255 /* Release */,
			);
			defaultConfigurationIsVisible = 0;
			defaultConfigurationName = Release;
		};
		6A73508B298561C0001F0255 /* Build configuration list for PBXNativeTarget "TruckParking" */ = {
			isa = XCConfigurationList;
			buildConfigurations = (
				6A735089298561C0001F0255 /* Debug */,
				6A73508A298561C0001F0255 /* Release */,
			);
			defaultConfigurationIsVisible = 0;
			defaultConfigurationName = Release;
		};
		6A73509429856C10001F0255 /* Build configuration list for PBXNativeTarget "BasketBallGame" */ = {
			isa = XCConfigurationList;
			buildConfigurations = (
				6A73509529856C10001F0255 /* Debug */,
				6A73509629856C10001F0255 /* Release */,
			);
			defaultConfigurationIsVisible = 0;
			defaultConfigurationName = Release;
		};
		6A9A04C1298B5FD900430218 /* Build configuration list for PBXNativeTarget "WhenIMissKoreaConnectToServer" */ = {
			isa = XCConfigurationList;
			buildConfigurations = (
				6A9A04BF298B5FD900430218 /* Debug */,
				6A9A04C0298B5FD900430218 /* Release */,
			);
			defaultConfigurationIsVisible = 0;
			defaultConfigurationName = Release;
		};
		6A9A04CA298B708700430218 /* Build configuration list for PBXNativeTarget "PocketmonMasterLee" */ = {
			isa = XCConfigurationList;
			buildConfigurations = (
				6A9A04CB298B708700430218 /* Debug */,
				6A9A04CC298B708700430218 /* Release */,
			);
			defaultConfigurationIsVisible = 0;
			defaultConfigurationName = Release;
		};
/* End XCConfigurationList section */
	};
	rootObject = 6A7350642985580D001F0255 /* Project object */;
}
